// !$*UTF8*$!
{
	archiveVersion = 1;
	classes = {
	};
	objectVersion = 46;
	objects = {

/* Begin PBXBuildFile section */
		5C2E8091141C61DF00C4A0EE /* object_light.cpp in Sources */ = {isa = PBXBuildFile; fileRef = 5C2E8090141C61DF00C4A0EE /* object_light.cpp */; };
		5C32C6C61355298C00164662 /* main.cpp in Sources */ = {isa = PBXBuildFile; fileRef = 5C9C50EA126548C100A15B31 /* main.cpp */; };
		5C32C6C71355298C00164662 /* map2d.cpp in Sources */ = {isa = PBXBuildFile; fileRef = 5C9C50ED126548C100A15B31 /* map2d.cpp */; };
		5C32C6C81355298C00164662 /* npcgfx.cpp in Sources */ = {isa = PBXBuildFile; fileRef = 5C9C50EF126548C100A15B31 /* npcgfx.cpp */; };
		5C32C6C91355298C00164662 /* tileset.cpp in Sources */ = {isa = PBXBuildFile; fileRef = 5C9C50F3126548C100A15B31 /* tileset.cpp */; };
		5C32C6CA1355298C00164662 /* map3d.cpp in Sources */ = {isa = PBXBuildFile; fileRef = 5C9C50F6126548C100A15B31 /* map3d.cpp */; };
		5C32C6CB1355298C00164662 /* map_handler.cpp in Sources */ = {isa = PBXBuildFile; fileRef = 5C9C50F9126548C100A15B31 /* map_handler.cpp */; };
		5C32C6CC1355298C00164662 /* conf.cpp in Sources */ = {isa = PBXBuildFile; fileRef = 5C9C50FB126548C100A15B31 /* conf.cpp */; };
		5C32C6CD1355298C00164662 /* albion_ui.cpp in Sources */ = {isa = PBXBuildFile; fileRef = 5C9C50FE126548C100A15B31 /* albion_ui.cpp */; };
		5C32C6CE1355298C00164662 /* gfxconv.cpp in Sources */ = {isa = PBXBuildFile; fileRef = 5C9C5102126548C100A15B31 /* gfxconv.cpp */; };
		5C32C6CF1355298C00164662 /* hq4x.cpp in Sources */ = {isa = PBXBuildFile; fileRef = 5C9C5105126548C100A15B31 /* hq4x.cpp */; };
		5C32C6D01355298C00164662 /* palette.cpp in Sources */ = {isa = PBXBuildFile; fileRef = 5C9C5106126548C100A15B31 /* palette.cpp */; };
		5C32C6D11355298C00164662 /* scaling.cpp in Sources */ = {isa = PBXBuildFile; fileRef = 5C9C5108126548C100A15B31 /* scaling.cpp */; };
		5C32C6D21355298C00164662 /* xld.cpp in Sources */ = {isa = PBXBuildFile; fileRef = 5C9C510A126548C100A15B31 /* xld.cpp */; };
		5C32C6D31355298C00164662 /* map_events.cpp in Sources */ = {isa = PBXBuildFile; fileRef = 5C58907912690BA80011E96B /* map_events.cpp */; };
		5C32C6D41355298C00164662 /* map_npcs.cpp in Sources */ = {isa = PBXBuildFile; fileRef = 5C58907B12690BA80011E96B /* map_npcs.cpp */; };
		5C32C6D51355298C00164662 /* labdata.cpp in Sources */ = {isa = PBXBuildFile; fileRef = 5C58908012690BB00011E96B /* labdata.cpp */; };
		5C32C6D61355298C00164662 /* events.cpp in Sources */ = {isa = PBXBuildFile; fileRef = 5C58908412690BBE0011E96B /* events.cpp */; };
		5C32C6D71355298C00164662 /* npc2d.cpp in Sources */ = {isa = PBXBuildFile; fileRef = 5CFFE9201269605A00199C96 /* npc2d.cpp */; };
		5C32C6D81355298C00164662 /* player2d.cpp in Sources */ = {isa = PBXBuildFile; fileRef = 5CFFE9221269605A00199C96 /* player2d.cpp */; };
		5C32C6D91355298C00164662 /* map_objects.cpp in Sources */ = {isa = PBXBuildFile; fileRef = 5C9B61CB12734AA100CCE465 /* map_objects.cpp */; };
		5C32C6DA1355298C00164662 /* albion_texture.cpp in Sources */ = {isa = PBXBuildFile; fileRef = 5C52B6301280CB5100E8ED0D /* albion_texture.cpp */; };
		5C32C6DB1355298C00164662 /* transtb.cpp in Sources */ = {isa = PBXBuildFile; fileRef = 5C52B6321280CB5100E8ED0D /* transtb.cpp */; };
		5C32C6DC1355298C00164662 /* ar_global.cpp in Sources */ = {isa = PBXBuildFile; fileRef = 5C52B6411280CE7E00E8ED0D /* ar_global.cpp */; };
		5C32C6DD1355298C00164662 /* npc.cpp in Sources */ = {isa = PBXBuildFile; fileRef = 5C994E111284745700FC928F /* npc.cpp */; };
		5C32C6DE1355298C00164662 /* npc3d.cpp in Sources */ = {isa = PBXBuildFile; fileRef = 5C994E15128476EC00FC928F /* npc3d.cpp */; };
		5C32C6DF1355298C00164662 /* background3d.cpp in Sources */ = {isa = PBXBuildFile; fileRef = 5C28FB36128F0CE200FBDEC1 /* background3d.cpp */; };
		5C32C6E01355298C00164662 /* map_tiles.cpp in Sources */ = {isa = PBXBuildFile; fileRef = 5C0B62251296E8C000205335 /* map_tiles.cpp */; };
		5C32C6E11355298C00164662 /* clock.cpp in Sources */ = {isa = PBXBuildFile; fileRef = 5C7868261322BE51006BEDD5 /* clock.cpp */; };
		5C32C6E21355298C00164662 /* player3d.cpp in Sources */ = {isa = PBXBuildFile; fileRef = 5C6D6971132C7628007DF2B2 /* player3d.cpp */; };
		5C32C6E31355298C00164662 /* hq2x.cpp in Sources */ = {isa = PBXBuildFile; fileRef = 5C1669E2133F96F100FFF846 /* hq2x.cpp */; };
		5C32C6E51355298C00164662 /* OpenCL.framework in Frameworks */ = {isa = PBXBuildFile; fileRef = 5C71CDD41261F4FA0052A6C2 /* OpenCL.framework */; };
		5C32C6E61355298C00164662 /* SDL.framework in Frameworks */ = {isa = PBXBuildFile; fileRef = 5C06B00E1261336C00405DE8 /* SDL.framework */; };
		5C32C6E71355298C00164662 /* OpenGL.framework in Frameworks */ = {isa = PBXBuildFile; fileRef = 5C06B00C1261336700405DE8 /* OpenGL.framework */; };
		5C32C6E81355298C00164662 /* AppKit.framework in Frameworks */ = {isa = PBXBuildFile; fileRef = 5C06AFDB12612E4800405DE8 /* AppKit.framework */; };
		5C32C6EA1355298C00164662 /* Cocoa.framework in Frameworks */ = {isa = PBXBuildFile; fileRef = 5C06AFA012612D3500405DE8 /* Cocoa.framework */; };
		5CA6D2B1141A25AE00551A6B /* SDL_image.framework in Frameworks */ = {isa = PBXBuildFile; fileRef = 5CA6D2B0141A25AE00551A6B /* SDL_image.framework */; };
		5CFC5D1413E46E5200824F9C /* bin_graphics.cpp in Sources */ = {isa = PBXBuildFile; fileRef = 5CFC5D1213E46E5200824F9C /* bin_graphics.cpp */; };
/* End PBXBuildFile section */

/* Begin PBXFileReference section */
		5C06AFA012612D3500405DE8 /* Cocoa.framework */ = {isa = PBXFileReference; lastKnownFileType = wrapper.framework; name = Cocoa.framework; path = System/Library/Frameworks/Cocoa.framework; sourceTree = SDKROOT; };
		5C06AFDB12612E4800405DE8 /* AppKit.framework */ = {isa = PBXFileReference; lastKnownFileType = wrapper.framework; name = AppKit.framework; path = Developer/SDKs/MacOSX10.6.sdk/System/Library/Frameworks/AppKit.framework; sourceTree = SDKROOT; };
		5C06B00C1261336700405DE8 /* OpenGL.framework */ = {isa = PBXFileReference; lastKnownFileType = wrapper.framework; name = OpenGL.framework; path = Developer/SDKs/MacOSX10.6.sdk/System/Library/Frameworks/OpenGL.framework; sourceTree = SDKROOT; };
		5C06B00E1261336C00405DE8 /* SDL.framework */ = {isa = PBXFileReference; lastKnownFileType = wrapper.framework; name = SDL.framework; path = Developer/SDKs/MacOSX10.6.sdk/Library/Frameworks/SDL.framework; sourceTree = SDKROOT; };
		5C0B62251296E8C000205335 /* map_tiles.cpp */ = {isa = PBXFileReference; fileEncoding = 4; lastKnownFileType = sourcecode.cpp.cpp; path = map_tiles.cpp; sourceTree = "<group>"; };
		5C0B62261296E8C000205335 /* map_tiles.h */ = {isa = PBXFileReference; fileEncoding = 4; lastKnownFileType = sourcecode.c.h; path = map_tiles.h; sourceTree = "<group>"; };
		5C1669E2133F96F100FFF846 /* hq2x.cpp */ = {isa = PBXFileReference; fileEncoding = 4; lastKnownFileType = sourcecode.cpp.cpp; path = hq2x.cpp; sourceTree = "<group>"; };
		5C1669E5133F985800FFF846 /* hqx.h */ = {isa = PBXFileReference; fileEncoding = 4; lastKnownFileType = sourcecode.c.h; path = hqx.h; sourceTree = "<group>"; };
		5C22ECCE1445ED56006025F1 /* config.xml */ = {isa = PBXFileReference; lastKnownFileType = text.xml; name = config.xml; path = data/config.xml; sourceTree = "<group>"; };
		5C22ECD01445F2B0006025F1 /* config.dtd */ = {isa = PBXFileReference; lastKnownFileType = text.xml; name = config.dtd; path = data/dtd/config.dtd; sourceTree = "<group>"; };
		5C28FB36128F0CE200FBDEC1 /* background3d.cpp */ = {isa = PBXFileReference; fileEncoding = 4; lastKnownFileType = sourcecode.cpp.cpp; path = background3d.cpp; sourceTree = "<group>"; };
		5C28FB37128F0CE200FBDEC1 /* background3d.h */ = {isa = PBXFileReference; fileEncoding = 4; lastKnownFileType = sourcecode.c.h; path = background3d.h; sourceTree = "<group>"; };
		5C2951FA140031EE003C6E13 /* a2e_cl_global.h */ = {isa = PBXFileReference; lastKnownFileType = sourcecode.c.h; path = a2e_cl_global.h; sourceTree = "<group>"; };
		5C2951FB140031EE003C6E13 /* a2e_cl_matrix.h */ = {isa = PBXFileReference; lastKnownFileType = sourcecode.c.h; path = a2e_cl_matrix.h; sourceTree = "<group>"; };
		5C2951FC140031EE003C6E13 /* a2e_cl_particle_init.h */ = {isa = PBXFileReference; lastKnownFileType = sourcecode.c.h; path = a2e_cl_particle_init.h; sourceTree = "<group>"; };
		5C2C927D140AE70B00AC808C /* blurline3.a2eshd */ = {isa = PBXFileReference; lastKnownFileType = text.xml; name = blurline3.a2eshd; path = data/shader/misc/blurline3.a2eshd; sourceTree = "<group>"; };
		5C2C927E140AE70B00AC808C /* blurline5.a2eshd */ = {isa = PBXFileReference; lastKnownFileType = text.xml; name = blurline5.a2eshd; path = data/shader/misc/blurline5.a2eshd; sourceTree = "<group>"; };
		5C2C9284140AE70B00AC808C /* luma.a2eshd */ = {isa = PBXFileReference; lastKnownFileType = text.xml; name = luma.a2eshd; path = data/shader/misc/luma.a2eshd; sourceTree = "<group>"; xcLanguageSpecificationIdentifier = xcode.lang.glsl; };
		5C2C9286140AE73B00AC808C /* simple.a2eshd */ = {isa = PBXFileReference; lastKnownFileType = text; name = simple.a2eshd; path = data/shader/misc/simple.a2eshd; sourceTree = "<group>"; xcLanguageSpecificationIdentifier = xcode.lang.glsl; };
		5C2E8090141C61DF00C4A0EE /* object_light.cpp */ = {isa = PBXFileReference; fileEncoding = 4; lastKnownFileType = sourcecode.cpp.cpp; path = object_light.cpp; sourceTree = "<group>"; };
		5C2E8093141C61EB00C4A0EE /* object_light.h */ = {isa = PBXFileReference; fileEncoding = 4; lastKnownFileType = sourcecode.c.h; path = object_light.h; sourceTree = "<group>"; };
		5C32C6EF1355298C00164662 /* Albion Remaked.app */ = {isa = PBXFileReference; explicitFileType = wrapper.application; includeInIndex = 0; path = "Albion Remaked.app"; sourceTree = BUILT_PRODUCTS_DIR; };
		5C34B58713E8E85E004E705F /* fxaa3.a2eshd */ = {isa = PBXFileReference; lastKnownFileType = text.xml; name = fxaa3.a2eshd; path = data/shader/misc/fxaa3.a2eshd; sourceTree = SOURCE_ROOT; xcLanguageSpecificationIdentifier = xcode.lang.glsl; };
		5C51E76612CC164F00C4E0EA /* mp_map_objects.a2eshd */ = {isa = PBXFileReference; lastKnownFileType = text.xml; path = mp_map_objects.a2eshd; sourceTree = "<group>"; xcLanguageSpecificationIdentifier = xcode.lang.glsl; };
		5C51E76712CC164F00C4E0EA /* mp_map_tiles.a2eshd */ = {isa = PBXFileReference; lastKnownFileType = text.xml; path = mp_map_tiles.a2eshd; sourceTree = "<group>"; xcLanguageSpecificationIdentifier = xcode.lang.glsl; };
		5C52B6301280CB5100E8ED0D /* albion_texture.cpp */ = {isa = PBXFileReference; fileEncoding = 4; lastKnownFileType = sourcecode.cpp.cpp; path = albion_texture.cpp; sourceTree = "<group>"; };
		5C52B6311280CB5100E8ED0D /* albion_texture.h */ = {isa = PBXFileReference; fileEncoding = 4; lastKnownFileType = sourcecode.c.h; path = albion_texture.h; sourceTree = "<group>"; };
		5C52B6321280CB5100E8ED0D /* transtb.cpp */ = {isa = PBXFileReference; fileEncoding = 4; lastKnownFileType = sourcecode.cpp.cpp; path = transtb.cpp; sourceTree = "<group>"; };
		5C52B6331280CB5100E8ED0D /* transtb.h */ = {isa = PBXFileReference; fileEncoding = 4; lastKnownFileType = sourcecode.c.h; path = transtb.h; sourceTree = "<group>"; };
		5C52B6411280CE7E00E8ED0D /* ar_global.cpp */ = {isa = PBXFileReference; fileEncoding = 4; lastKnownFileType = sourcecode.cpp.cpp; name = ar_global.cpp; path = src/ar_global.cpp; sourceTree = SOURCE_ROOT; };
		5C52B6421280CE7E00E8ED0D /* ar_global.h */ = {isa = PBXFileReference; fileEncoding = 4; lastKnownFileType = sourcecode.c.h; name = ar_global.h; path = src/ar_global.h; sourceTree = SOURCE_ROOT; };
		5C58907912690BA80011E96B /* map_events.cpp */ = {isa = PBXFileReference; fileEncoding = 4; lastKnownFileType = sourcecode.cpp.cpp; path = map_events.cpp; sourceTree = "<group>"; };
		5C58907A12690BA80011E96B /* map_events.h */ = {isa = PBXFileReference; fileEncoding = 4; lastKnownFileType = sourcecode.c.h; path = map_events.h; sourceTree = "<group>"; };
		5C58907B12690BA80011E96B /* map_npcs.cpp */ = {isa = PBXFileReference; fileEncoding = 4; lastKnownFileType = sourcecode.cpp.cpp; path = map_npcs.cpp; sourceTree = "<group>"; };
		5C58907C12690BA80011E96B /* map_npcs.h */ = {isa = PBXFileReference; fileEncoding = 4; lastKnownFileType = sourcecode.c.h; path = map_npcs.h; sourceTree = "<group>"; };
		5C58908012690BB00011E96B /* labdata.cpp */ = {isa = PBXFileReference; fileEncoding = 4; lastKnownFileType = sourcecode.cpp.cpp; path = labdata.cpp; sourceTree = "<group>"; };
		5C58908112690BB00011E96B /* labdata.h */ = {isa = PBXFileReference; fileEncoding = 4; lastKnownFileType = sourcecode.c.h; path = labdata.h; sourceTree = "<group>"; };
		5C58908412690BBE0011E96B /* events.cpp */ = {isa = PBXFileReference; fileEncoding = 4; lastKnownFileType = sourcecode.cpp.cpp; path = events.cpp; sourceTree = "<group>"; };
		5C58908512690BBE0011E96B /* events.h */ = {isa = PBXFileReference; fileEncoding = 4; lastKnownFileType = sourcecode.c.h; path = events.h; sourceTree = "<group>"; };
		5C6A50B0140D84BE00EA5C1A /* particle_draw_ocl.a2eshd */ = {isa = PBXFileReference; lastKnownFileType = text.xml; name = particle_draw_ocl.a2eshd; path = data/shader/particle/particle_draw_ocl.a2eshd; sourceTree = "<group>"; xcLanguageSpecificationIdentifier = xcode.lang.glsl; };
		5C6A50B5140DB1BD00EA5C1A /* global.a2eshdi */ = {isa = PBXFileReference; lastKnownFileType = text; path = global.a2eshdi; sourceTree = "<group>"; xcLanguageSpecificationIdentifier = xcode.lang.glsl; };
		5C6D6971132C7628007DF2B2 /* player3d.cpp */ = {isa = PBXFileReference; fileEncoding = 4; lastKnownFileType = sourcecode.cpp.cpp; path = player3d.cpp; sourceTree = "<group>"; };
		5C6D6972132C7629007DF2B2 /* player3d.h */ = {isa = PBXFileReference; fileEncoding = 4; lastKnownFileType = sourcecode.c.h; path = player3d.h; sourceTree = "<group>"; };
		5C6E2D2A14AA25C300FBD924 /* downsample.a2eshd */ = {isa = PBXFileReference; lastKnownFileType = text.xml; name = downsample.a2eshd; path = data/shader/misc/downsample.a2eshd; sourceTree = "<group>"; xcLanguageSpecificationIdentifier = xcode.lang.glsl; };
		5C70CF5412CBAFB500F988D3 /* gp_gbuffer_map_objects.a2eshd */ = {isa = PBXFileReference; lastKnownFileType = text.xml; path = gp_gbuffer_map_objects.a2eshd; sourceTree = "<group>"; xcLanguageSpecificationIdentifier = xcode.lang.glsl; };
		5C70CF5512CBAFB500F988D3 /* gp_gbuffer_map_tiles.a2eshd */ = {isa = PBXFileReference; lastKnownFileType = text.xml; path = gp_gbuffer_map_tiles.a2eshd; sourceTree = "<group>"; xcLanguageSpecificationIdentifier = xcode.lang.glsl; };
		5C70CF5B12CBBBBC00F988D3 /* mp_sky.a2eshd */ = {isa = PBXFileReference; lastKnownFileType = text.xml; path = mp_sky.a2eshd; sourceTree = "<group>"; xcLanguageSpecificationIdentifier = xcode.lang.glsl; };
		5C71CDD41261F4FA0052A6C2 /* OpenCL.framework */ = {isa = PBXFileReference; lastKnownFileType = wrapper.framework; name = OpenCL.framework; path = Developer/SDKs/MacOSX10.6.sdk/System/Library/Frameworks/OpenCL.framework; sourceTree = SDKROOT; };
		5C7868261322BE51006BEDD5 /* clock.cpp */ = {isa = PBXFileReference; fileEncoding = 4; lastKnownFileType = sourcecode.cpp.cpp; path = clock.cpp; sourceTree = "<group>"; };
		5C7868271322BE51006BEDD5 /* clock.h */ = {isa = PBXFileReference; fileEncoding = 4; lastKnownFileType = sourcecode.c.h; path = clock.h; sourceTree = "<group>"; };
		5C7A455712CBAA86005C70EE /* blur.a2eshdi */ = {isa = PBXFileReference; fileEncoding = 4; lastKnownFileType = text.xml; path = blur.a2eshdi; sourceTree = "<group>"; };
		5C7A455A12CBAA86005C70EE /* inferred.a2eshdi */ = {isa = PBXFileReference; fileEncoding = 4; lastKnownFileType = text.xml; path = inferred.a2eshdi; sourceTree = "<group>"; xcLanguageSpecificationIdentifier = xcode.lang.glsl; };
		5C7A455F12CBAA86005C70EE /* gp_gbuffer.a2eshd */ = {isa = PBXFileReference; fileEncoding = 4; lastKnownFileType = text.xml; path = gp_gbuffer.a2eshd; sourceTree = "<group>"; xcLanguageSpecificationIdentifier = xcode.lang.glsl; };
		5C7A456012CBAA86005C70EE /* gp_gbuffer_parallax.a2eshd */ = {isa = PBXFileReference; fileEncoding = 4; lastKnownFileType = text.xml; path = gp_gbuffer_parallax.a2eshd; sourceTree = "<group>"; xcLanguageSpecificationIdentifier = xcode.lang.glsl; };
		5C7A456112CBAA86005C70EE /* lp_phong.a2eshd */ = {isa = PBXFileReference; fileEncoding = 4; lastKnownFileType = text.xml; path = lp_phong.a2eshd; sourceTree = "<group>"; xcLanguageSpecificationIdentifier = xcode.lang.glsl; };
		5C7A456212CBAA86005C70EE /* mp_diffuse.a2eshd */ = {isa = PBXFileReference; fileEncoding = 4; lastKnownFileType = text.xml; path = mp_diffuse.a2eshd; sourceTree = "<group>"; xcLanguageSpecificationIdentifier = xcode.lang.glsl; };
		5C7A456312CBAA86005C70EE /* mp_parallax.a2eshd */ = {isa = PBXFileReference; fileEncoding = 4; lastKnownFileType = text.xml; path = mp_parallax.a2eshd; sourceTree = "<group>"; xcLanguageSpecificationIdentifier = xcode.lang.glsl; };
		5C994E111284745700FC928F /* npc.cpp */ = {isa = PBXFileReference; fileEncoding = 4; lastKnownFileType = sourcecode.cpp.cpp; path = npc.cpp; sourceTree = "<group>"; };
		5C994E121284745700FC928F /* npc.h */ = {isa = PBXFileReference; fileEncoding = 4; lastKnownFileType = sourcecode.c.h; path = npc.h; sourceTree = "<group>"; };
		5C994E15128476EC00FC928F /* npc3d.cpp */ = {isa = PBXFileReference; fileEncoding = 4; lastKnownFileType = sourcecode.cpp.cpp; path = npc3d.cpp; sourceTree = "<group>"; };
		5C994E16128476EC00FC928F /* npc3d.h */ = {isa = PBXFileReference; fileEncoding = 4; lastKnownFileType = sourcecode.c.h; path = npc3d.h; sourceTree = "<group>"; };
		5C9B61CB12734AA100CCE465 /* map_objects.cpp */ = {isa = PBXFileReference; fileEncoding = 4; lastKnownFileType = sourcecode.cpp.cpp; path = map_objects.cpp; sourceTree = "<group>"; };
		5C9B61CC12734AA200CCE465 /* map_objects.h */ = {isa = PBXFileReference; fileEncoding = 4; lastKnownFileType = sourcecode.c.h; path = map_objects.h; sourceTree = "<group>"; };
		5C9C50EA126548C100A15B31 /* main.cpp */ = {isa = PBXFileReference; fileEncoding = 4; lastKnownFileType = sourcecode.cpp.cpp; name = main.cpp; path = src/main.cpp; sourceTree = SOURCE_ROOT; };
		5C9C50ED126548C100A15B31 /* map2d.cpp */ = {isa = PBXFileReference; fileEncoding = 4; lastKnownFileType = sourcecode.cpp.cpp; path = map2d.cpp; sourceTree = "<group>"; };
		5C9C50EE126548C100A15B31 /* map2d.h */ = {isa = PBXFileReference; fileEncoding = 4; lastKnownFileType = sourcecode.c.h; path = map2d.h; sourceTree = "<group>"; };
		5C9C50EF126548C100A15B31 /* npcgfx.cpp */ = {isa = PBXFileReference; fileEncoding = 4; lastKnownFileType = sourcecode.cpp.cpp; path = npcgfx.cpp; sourceTree = "<group>"; };
		5C9C50F0126548C100A15B31 /* npcgfx.h */ = {isa = PBXFileReference; fileEncoding = 4; lastKnownFileType = sourcecode.c.h; path = npcgfx.h; sourceTree = "<group>"; };
		5C9C50F3126548C100A15B31 /* tileset.cpp */ = {isa = PBXFileReference; fileEncoding = 4; lastKnownFileType = sourcecode.cpp.cpp; path = tileset.cpp; sourceTree = "<group>"; };
		5C9C50F4126548C100A15B31 /* tileset.h */ = {isa = PBXFileReference; fileEncoding = 4; lastKnownFileType = sourcecode.c.h; path = tileset.h; sourceTree = "<group>"; };
		5C9C50F6126548C100A15B31 /* map3d.cpp */ = {isa = PBXFileReference; fileEncoding = 4; lastKnownFileType = sourcecode.cpp.cpp; path = map3d.cpp; sourceTree = "<group>"; };
		5C9C50F7126548C100A15B31 /* map3d.h */ = {isa = PBXFileReference; fileEncoding = 4; lastKnownFileType = sourcecode.c.h; path = map3d.h; sourceTree = "<group>"; };
		5C9C50F8126548C100A15B31 /* map_defines.h */ = {isa = PBXFileReference; fileEncoding = 4; lastKnownFileType = sourcecode.c.h; path = map_defines.h; sourceTree = "<group>"; };
		5C9C50F9126548C100A15B31 /* map_handler.cpp */ = {isa = PBXFileReference; fileEncoding = 4; lastKnownFileType = sourcecode.cpp.cpp; path = map_handler.cpp; sourceTree = "<group>"; };
		5C9C50FA126548C100A15B31 /* map_handler.h */ = {isa = PBXFileReference; fileEncoding = 4; lastKnownFileType = sourcecode.c.h; path = map_handler.h; sourceTree = "<group>"; };
		5C9C50FB126548C100A15B31 /* conf.cpp */ = {isa = PBXFileReference; fileEncoding = 4; lastKnownFileType = sourcecode.cpp.cpp; name = conf.cpp; path = src/conf.cpp; sourceTree = SOURCE_ROOT; };
		5C9C50FC126548C100A15B31 /* main.h */ = {isa = PBXFileReference; fileEncoding = 4; lastKnownFileType = sourcecode.c.h; name = main.h; path = src/main.h; sourceTree = SOURCE_ROOT; };
		5C9C50FE126548C100A15B31 /* albion_ui.cpp */ = {isa = PBXFileReference; fileEncoding = 4; lastKnownFileType = sourcecode.cpp.cpp; path = albion_ui.cpp; sourceTree = "<group>"; };
		5C9C50FF126548C100A15B31 /* albion_ui.h */ = {isa = PBXFileReference; fileEncoding = 4; lastKnownFileType = sourcecode.c.h; path = albion_ui.h; sourceTree = "<group>"; };
		5C9C5100126548C100A15B31 /* conf.h */ = {isa = PBXFileReference; fileEncoding = 4; lastKnownFileType = sourcecode.c.h; name = conf.h; path = src/conf.h; sourceTree = SOURCE_ROOT; };
		5C9C5102126548C100A15B31 /* gfxconv.cpp */ = {isa = PBXFileReference; fileEncoding = 4; lastKnownFileType = sourcecode.cpp.cpp; path = gfxconv.cpp; sourceTree = "<group>"; };
		5C9C5103126548C100A15B31 /* gfxconv.h */ = {isa = PBXFileReference; fileEncoding = 4; lastKnownFileType = sourcecode.c.h; path = gfxconv.h; sourceTree = "<group>"; };
		5C9C5105126548C100A15B31 /* hq4x.cpp */ = {isa = PBXFileReference; fileEncoding = 4; lastKnownFileType = sourcecode.cpp.cpp; path = hq4x.cpp; sourceTree = "<group>"; };
		5C9C5106126548C100A15B31 /* palette.cpp */ = {isa = PBXFileReference; fileEncoding = 4; lastKnownFileType = sourcecode.cpp.cpp; path = palette.cpp; sourceTree = "<group>"; };
		5C9C5107126548C100A15B31 /* palette.h */ = {isa = PBXFileReference; fileEncoding = 4; lastKnownFileType = sourcecode.c.h; path = palette.h; sourceTree = "<group>"; };
		5C9C5108126548C100A15B31 /* scaling.cpp */ = {isa = PBXFileReference; fileEncoding = 4; lastKnownFileType = sourcecode.cpp.cpp; path = scaling.cpp; sourceTree = "<group>"; };
		5C9C5109126548C100A15B31 /* scaling.h */ = {isa = PBXFileReference; fileEncoding = 4; lastKnownFileType = sourcecode.c.h; path = scaling.h; sourceTree = "<group>"; };
		5C9C510A126548C100A15B31 /* xld.cpp */ = {isa = PBXFileReference; fileEncoding = 4; lastKnownFileType = sourcecode.cpp.cpp; name = xld.cpp; path = src/xld.cpp; sourceTree = SOURCE_ROOT; };
		5C9C510B126548C100A15B31 /* xld.h */ = {isa = PBXFileReference; fileEncoding = 4; lastKnownFileType = sourcecode.c.h; name = xld.h; path = src/xld.h; sourceTree = SOURCE_ROOT; };
		5C9C511D126548E300A15B31 /* Albion_Remake_Prefix.pch */ = {isa = PBXFileReference; fileEncoding = 4; lastKnownFileType = sourcecode.c.h; name = Albion_Remake_Prefix.pch; path = src/Albion_Remake_Prefix.pch; sourceTree = "<group>"; };
		5C9C512A1265490100A15B31 /* en */ = {isa = PBXFileReference; fileEncoding = 4; lastKnownFileType = text.plist.strings; name = en; path = src/osx/en.lproj/InfoPlist.strings; sourceTree = "<group>"; };
		5C9C512C1265490100A15B31 /* en */ = {isa = PBXFileReference; fileEncoding = 4; lastKnownFileType = file.xib; name = en; path = src/osx/en.lproj/MainMenu.xib; sourceTree = "<group>"; };
		5C9C512E1265490100A15B31 /* en */ = {isa = PBXFileReference; fileEncoding = 4; lastKnownFileType = text.rtf; name = en; path = src/osx/en.lproj/Credits.rtf; sourceTree = "<group>"; };
		5C9C512F1265490700A15B31 /* Info.plist */ = {isa = PBXFileReference; fileEncoding = 4; lastKnownFileType = text.plist.xml; name = Info.plist; path = src/osx/Info.plist; sourceTree = "<group>"; };
		5CA6D2B0141A25AE00551A6B /* SDL_image.framework */ = {isa = PBXFileReference; lastKnownFileType = wrapper.framework; name = SDL_image.framework; path = Library/Frameworks/SDL_image.framework; sourceTree = SDKROOT; };
		5CAE228813E5E3BE0051B39F /* Albion Remake.entitlements */ = {isa = PBXFileReference; fileEncoding = 4; lastKnownFileType = text.xml; name = "Albion Remake.entitlements"; path = "src/osx/Albion Remake.entitlements"; sourceTree = "<group>"; };
		5CDB6F151379C4B2006033D4 /* particle_compute.cl */ = {isa = PBXFileReference; lastKnownFileType = sourcecode.opencl; path = particle_compute.cl; sourceTree = "<group>"; };
		5CDB6F171379C4B2006033D4 /* particle_spawn.cl */ = {isa = PBXFileReference; lastKnownFileType = sourcecode.opencl; path = particle_spawn.cl; sourceTree = "<group>"; };
		5CDFD7A213248985009459CE /* inferred_gbuffer.a2eshdi */ = {isa = PBXFileReference; lastKnownFileType = text.xml; path = inferred_gbuffer.a2eshdi; sourceTree = "<group>"; xcLanguageSpecificationIdentifier = xcode.lang.glsl; };
		5CE00A2513ABB86F00FAE69A /* premake.sh */ = {isa = PBXFileReference; lastKnownFileType = text.script.sh; path = premake.sh; sourceTree = "<group>"; };
		5CE00A2613ABB86F00FAE69A /* premake4.lua */ = {isa = PBXFileReference; lastKnownFileType = text; path = premake4.lua; sourceTree = "<group>"; xcLanguageSpecificationIdentifier = xcode.lang.python; };
		5CF266901379FF6E00B729B0 /* ir_lighting.cl */ = {isa = PBXFileReference; lastKnownFileType = sourcecode.opencl; path = ir_lighting.cl; sourceTree = "<group>"; xcLanguageSpecificationIdentifier = xcode.lang.c; };
		5CFC5D1213E46E5200824F9C /* bin_graphics.cpp */ = {isa = PBXFileReference; fileEncoding = 4; lastKnownFileType = sourcecode.cpp.cpp; path = bin_graphics.cpp; sourceTree = "<group>"; };
		5CFC5D1613E46E5C00824F9C /* bin_graphics.h */ = {isa = PBXFileReference; fileEncoding = 4; lastKnownFileType = sourcecode.c.h; path = bin_graphics.h; sourceTree = "<group>"; };
		5CFFE9201269605A00199C96 /* npc2d.cpp */ = {isa = PBXFileReference; fileEncoding = 4; lastKnownFileType = sourcecode.cpp.cpp; path = npc2d.cpp; sourceTree = "<group>"; };
		5CFFE9211269605A00199C96 /* npc2d.h */ = {isa = PBXFileReference; fileEncoding = 4; lastKnownFileType = sourcecode.c.h; path = npc2d.h; sourceTree = "<group>"; };
		5CFFE9221269605A00199C96 /* player2d.cpp */ = {isa = PBXFileReference; fileEncoding = 4; lastKnownFileType = sourcecode.cpp.cpp; path = player2d.cpp; sourceTree = "<group>"; };
		5CFFE9231269605A00199C96 /* player2d.h */ = {isa = PBXFileReference; fileEncoding = 4; lastKnownFileType = sourcecode.c.h; path = player2d.h; sourceTree = "<group>"; };
/* End PBXFileReference section */

/* Begin PBXFrameworksBuildPhase section */
		5C32C6E41355298C00164662 /* Frameworks */ = {
			isa = PBXFrameworksBuildPhase;
			buildActionMask = 2147483647;
			files = (
				5CA6D2B1141A25AE00551A6B /* SDL_image.framework in Frameworks */,
				5C32C6E51355298C00164662 /* OpenCL.framework in Frameworks */,
				5C32C6E61355298C00164662 /* SDL.framework in Frameworks */,
				5C32C6E71355298C00164662 /* OpenGL.framework in Frameworks */,
				5C32C6E81355298C00164662 /* AppKit.framework in Frameworks */,
				5C32C6EA1355298C00164662 /* Cocoa.framework in Frameworks */,
			);
			runOnlyForDeploymentPostprocessing = 0;
		};
/* End PBXFrameworksBuildPhase section */

/* Begin PBXGroup section */
		5C06AF8E12612D3400405DE8 = {
			isa = PBXGroup;
			children = (
				5C7A454B12CBA9BC005C70EE /* shader */,
				5C06AF9512612D3400405DE8 /* Source */,
				5C06AF9612612D3500405DE8 /* Other Sources */,
				5C06AF9712612D3500405DE8 /* Resources */,
				5C06AF9812612D3500405DE8 /* Frameworks */,
				5C06AF9E12612D3500405DE8 /* Products */,
			);
			sourceTree = "<group>";
		};
		5C06AF9512612D3400405DE8 /* Source */ = {
			isa = PBXGroup;
			children = (
				5C9C50EA126548C100A15B31 /* main.cpp */,
				5C9C50FC126548C100A15B31 /* main.h */,
				5C9C50FB126548C100A15B31 /* conf.cpp */,
				5C9C5100126548C100A15B31 /* conf.h */,
				5C9C510A126548C100A15B31 /* xld.cpp */,
				5C9C510B126548C100A15B31 /* xld.h */,
				5C52B6411280CE7E00E8ED0D /* ar_global.cpp */,
				5C52B6421280CE7E00E8ED0D /* ar_global.h */,
				5C58908312690BBE0011E96B /* events */,
				5C9C5101126548C100A15B31 /* gfx */,
				5C9C50EB126548C100A15B31 /* map */,
				5C9C50FD126548C100A15B31 /* ui */,
			);
			name = Source;
			path = Classes;
			sourceTree = "<group>";
		};
		5C06AF9612612D3500405DE8 /* Other Sources */ = {
			isa = PBXGroup;
			children = (
				5CE00A2513ABB86F00FAE69A /* premake.sh */,
				5CE00A2613ABB86F00FAE69A /* premake4.lua */,
				5C9C511D126548E300A15B31 /* Albion_Remake_Prefix.pch */,
			);
			name = "Other Sources";
			sourceTree = "<group>";
		};
		5C06AF9712612D3500405DE8 /* Resources */ = {
			isa = PBXGroup;
			children = (
				5CAE228813E5E3BE0051B39F /* Albion Remake.entitlements */,
				5C9C512F1265490700A15B31 /* Info.plist */,
				5C9C51291265490100A15B31 /* InfoPlist.strings */,
				5C9C512B1265490100A15B31 /* MainMenu.xib */,
				5C9C512D1265490100A15B31 /* Credits.rtf */,
				5C22ECCE1445ED56006025F1 /* config.xml */,
				5C22ECD01445F2B0006025F1 /* config.dtd */,
			);
			name = Resources;
			sourceTree = "<group>";
		};
		5C06AF9812612D3500405DE8 /* Frameworks */ = {
			isa = PBXGroup;
			children = (
				5CA6D2B0141A25AE00551A6B /* SDL_image.framework */,
				5C71CDD41261F4FA0052A6C2 /* OpenCL.framework */,
				5C06B00E1261336C00405DE8 /* SDL.framework */,
				5C06B00C1261336700405DE8 /* OpenGL.framework */,
				5C06AFDB12612E4800405DE8 /* AppKit.framework */,
				5C06AFA012612D3500405DE8 /* Cocoa.framework */,
			);
			name = Frameworks;
			sourceTree = "<group>";
		};
		5C06AF9E12612D3500405DE8 /* Products */ = {
			isa = PBXGroup;
			children = (
				5C32C6EF1355298C00164662 /* Albion Remaked.app */,
			);
			name = Products;
			sourceTree = "<group>";
		};
		5C2C927A140AE6CC00AC808C /* misc */ = {
			isa = PBXGroup;
			children = (
				5C2C927D140AE70B00AC808C /* blurline3.a2eshd */,
				5C2C927E140AE70B00AC808C /* blurline5.a2eshd */,
				5C2C9284140AE70B00AC808C /* luma.a2eshd */,
				5C34B58713E8E85E004E705F /* fxaa3.a2eshd */,
				5C2C9286140AE73B00AC808C /* simple.a2eshd */,
				5C6E2D2A14AA25C300FBD924 /* downsample.a2eshd */,
			);
			name = misc;
			sourceTree = "<group>";
		};
		5C58908312690BBE0011E96B /* events */ = {
			isa = PBXGroup;
			children = (
				5C58908412690BBE0011E96B /* events.cpp */,
				5C58908512690BBE0011E96B /* events.h */,
				5C7868261322BE51006BEDD5 /* clock.cpp */,
				5C7868271322BE51006BEDD5 /* clock.h */,
			);
			name = events;
			path = src/events;
			sourceTree = SOURCE_ROOT;
		};
		5C6A50AE140D84AC00EA5C1A /* particle */ = {
			isa = PBXGroup;
			children = (
				5C6A50B0140D84BE00EA5C1A /* particle_draw_ocl.a2eshd */,
			);
			name = particle;
			sourceTree = "<group>";
		};
		5C7A454B12CBA9BC005C70EE /* shader */ = {
			isa = PBXGroup;
			children = (
				5C2C927A140AE6CC00AC808C /* misc */,
				5C7A455612CBAA86005C70EE /* include */,
				5C6A50AE140D84AC00EA5C1A /* particle */,
				5C7A455E12CBAA86005C70EE /* inferred */,
				5CDB6F101379C4B2006033D4 /* kernels */,
			);
			name = shader;
			sourceTree = "<group>";
		};
		5C7A455612CBAA86005C70EE /* include */ = {
			isa = PBXGroup;
			children = (
				5C7A455712CBAA86005C70EE /* blur.a2eshdi */,
				5C7A455A12CBAA86005C70EE /* inferred.a2eshdi */,
				5CDFD7A213248985009459CE /* inferred_gbuffer.a2eshdi */,
				5C6A50B5140DB1BD00EA5C1A /* global.a2eshdi */,
			);
			name = include;
			path = data/shader/include;
			sourceTree = "<group>";
		};
		5C7A455E12CBAA86005C70EE /* inferred */ = {
			isa = PBXGroup;
			children = (
				5C70CF5412CBAFB500F988D3 /* gp_gbuffer_map_objects.a2eshd */,
				5C70CF5512CBAFB500F988D3 /* gp_gbuffer_map_tiles.a2eshd */,
				5C7A455F12CBAA86005C70EE /* gp_gbuffer.a2eshd */,
				5C7A456012CBAA86005C70EE /* gp_gbuffer_parallax.a2eshd */,
				5C7A456112CBAA86005C70EE /* lp_phong.a2eshd */,
				5C7A456212CBAA86005C70EE /* mp_diffuse.a2eshd */,
				5C7A456312CBAA86005C70EE /* mp_parallax.a2eshd */,
				5C70CF5B12CBBBBC00F988D3 /* mp_sky.a2eshd */,
				5C51E76612CC164F00C4E0EA /* mp_map_objects.a2eshd */,
				5C51E76712CC164F00C4E0EA /* mp_map_tiles.a2eshd */,
			);
			name = inferred;
			path = data/shader/inferred;
			sourceTree = "<group>";
		};
		5C9C50EB126548C100A15B31 /* map */ = {
			isa = PBXGroup;
			children = (
				5C58907912690BA80011E96B /* map_events.cpp */,
				5C58907A12690BA80011E96B /* map_events.h */,
				5C58907B12690BA80011E96B /* map_npcs.cpp */,
				5C58907C12690BA80011E96B /* map_npcs.h */,
				5C9C50F9126548C100A15B31 /* map_handler.cpp */,
				5C9C50FA126548C100A15B31 /* map_handler.h */,
				5C9C50F8126548C100A15B31 /* map_defines.h */,
				5C994E111284745700FC928F /* npc.cpp */,
				5C994E121284745700FC928F /* npc.h */,
				5C9C50EC126548C100A15B31 /* 2d */,
				5C9C50F5126548C100A15B31 /* 3d */,
			);
			name = map;
			path = src/map;
			sourceTree = SOURCE_ROOT;
		};
		5C9C50EC126548C100A15B31 /* 2d */ = {
			isa = PBXGroup;
			children = (
				5CFFE9201269605A00199C96 /* npc2d.cpp */,
				5CFFE9211269605A00199C96 /* npc2d.h */,
				5CFFE9221269605A00199C96 /* player2d.cpp */,
				5CFFE9231269605A00199C96 /* player2d.h */,
				5C9C50ED126548C100A15B31 /* map2d.cpp */,
				5C9C50EE126548C100A15B31 /* map2d.h */,
				5C9C50EF126548C100A15B31 /* npcgfx.cpp */,
				5C9C50F0126548C100A15B31 /* npcgfx.h */,
				5C9C50F3126548C100A15B31 /* tileset.cpp */,
				5C9C50F4126548C100A15B31 /* tileset.h */,
			);
			path = 2d;
			sourceTree = "<group>";
		};
		5C9C50F5126548C100A15B31 /* 3d */ = {
			isa = PBXGroup;
			children = (
				5C0B62251296E8C000205335 /* map_tiles.cpp */,
				5C0B62261296E8C000205335 /* map_tiles.h */,
				5C28FB36128F0CE200FBDEC1 /* background3d.cpp */,
				5C28FB37128F0CE200FBDEC1 /* background3d.h */,
				5C994E15128476EC00FC928F /* npc3d.cpp */,
				5C994E16128476EC00FC928F /* npc3d.h */,
				5C9B61CB12734AA100CCE465 /* map_objects.cpp */,
				5C9B61CC12734AA200CCE465 /* map_objects.h */,
				5C58908012690BB00011E96B /* labdata.cpp */,
				5C58908112690BB00011E96B /* labdata.h */,
				5C9C50F6126548C100A15B31 /* map3d.cpp */,
				5C9C50F7126548C100A15B31 /* map3d.h */,
				5C6D6971132C7628007DF2B2 /* player3d.cpp */,
				5C6D6972132C7629007DF2B2 /* player3d.h */,
				5C2E8090141C61DF00C4A0EE /* object_light.cpp */,
				5C2E8093141C61EB00C4A0EE /* object_light.h */,
			);
			path = 3d;
			sourceTree = "<group>";
		};
		5C9C50FD126548C100A15B31 /* ui */ = {
			isa = PBXGroup;
			children = (
				5C9C50FE126548C100A15B31 /* albion_ui.cpp */,
				5C9C50FF126548C100A15B31 /* albion_ui.h */,
				5CFC5D1213E46E5200824F9C /* bin_graphics.cpp */,
				5CFC5D1613E46E5C00824F9C /* bin_graphics.h */,
			);
			name = ui;
			path = src/ui;
			sourceTree = SOURCE_ROOT;
		};
		5C9C5101126548C100A15B31 /* gfx */ = {
			isa = PBXGroup;
			children = (
				5C9C5104126548C100A15B31 /* hqx */,
				5C52B6301280CB5100E8ED0D /* albion_texture.cpp */,
				5C52B6311280CB5100E8ED0D /* albion_texture.h */,
				5C52B6321280CB5100E8ED0D /* transtb.cpp */,
				5C52B6331280CB5100E8ED0D /* transtb.h */,
				5C9C5102126548C100A15B31 /* gfxconv.cpp */,
				5C9C5103126548C100A15B31 /* gfxconv.h */,
				5C9C5106126548C100A15B31 /* palette.cpp */,
				5C9C5107126548C100A15B31 /* palette.h */,
				5C9C5108126548C100A15B31 /* scaling.cpp */,
				5C9C5109126548C100A15B31 /* scaling.h */,
			);
			name = gfx;
			path = src/gfx;
			sourceTree = SOURCE_ROOT;
		};
		5C9C5104126548C100A15B31 /* hqx */ = {
			isa = PBXGroup;
			children = (
				5C1669E5133F985800FFF846 /* hqx.h */,
				5C9C5105126548C100A15B31 /* hq4x.cpp */,
				5C1669E2133F96F100FFF846 /* hq2x.cpp */,
			);
			path = hqx;
			sourceTree = "<group>";
		};
		5CDB6F101379C4B2006033D4 /* kernels */ = {
			isa = PBXGroup;
			children = (
				5C2951FA140031EE003C6E13 /* a2e_cl_global.h */,
				5C2951FB140031EE003C6E13 /* a2e_cl_matrix.h */,
				5C2951FC140031EE003C6E13 /* a2e_cl_particle_init.h */,
				5CDB6F151379C4B2006033D4 /* particle_compute.cl */,
				5CDB6F171379C4B2006033D4 /* particle_spawn.cl */,
				5CF266901379FF6E00B729B0 /* ir_lighting.cl */,
			);
			name = kernels;
			path = data/kernels;
			sourceTree = "<group>";
		};
/* End PBXGroup section */

/* Begin PBXNativeTarget section */
		5C32C6C41355298C00164662 /* Albion Remake */ = {
			isa = PBXNativeTarget;
			buildConfigurationList = 5C32C6EC1355298C00164662 /* Build configuration list for PBXNativeTarget "Albion Remake" */;
			buildPhases = (
				5C32C6C51355298C00164662 /* Sources */,
				5C32C6E41355298C00164662 /* Frameworks */,
				5C32C6EB1355298C00164662 /* Resources */,
			);
			buildRules = (
			);
			dependencies = (
			);
			name = "Albion Remake";
			productName = "Albion Remake";
			productReference = 5C32C6EF1355298C00164662 /* Albion Remaked.app */;
			productType = "com.apple.product-type.application";
		};
/* End PBXNativeTarget section */

/* Begin PBXProject section */
		5C06AF9012612D3400405DE8 /* Project object */ = {
			isa = PBXProject;
			attributes = {
				LastUpgradeCheck = 0420;
			};
			buildConfigurationList = 5C06AF9312612D3400405DE8 /* Build configuration list for PBXProject "albion" */;
			compatibilityVersion = "Xcode 3.2";
			developmentRegion = English;
			hasScannedForEncodings = 0;
			knownRegions = (
				en,
			);
			mainGroup = 5C06AF8E12612D3400405DE8;
			productRefGroup = 5C06AF9E12612D3500405DE8 /* Products */;
			projectDirPath = "";
			projectRoot = "";
			targets = (
				5C32C6C41355298C00164662 /* Albion Remake */,
			);
		};
/* End PBXProject section */

/* Begin PBXResourcesBuildPhase section */
		5C32C6EB1355298C00164662 /* Resources */ = {
			isa = PBXResourcesBuildPhase;
			buildActionMask = 2147483647;
			files = (
			);
			runOnlyForDeploymentPostprocessing = 0;
		};
/* End PBXResourcesBuildPhase section */

/* Begin PBXSourcesBuildPhase section */
		5C32C6C51355298C00164662 /* Sources */ = {
			isa = PBXSourcesBuildPhase;
			buildActionMask = 2147483647;
			files = (
				5C32C6C61355298C00164662 /* main.cpp in Sources */,
				5C32C6C71355298C00164662 /* map2d.cpp in Sources */,
				5C32C6C81355298C00164662 /* npcgfx.cpp in Sources */,
				5C32C6C91355298C00164662 /* tileset.cpp in Sources */,
				5C32C6CA1355298C00164662 /* map3d.cpp in Sources */,
				5C32C6CB1355298C00164662 /* map_handler.cpp in Sources */,
				5C32C6CC1355298C00164662 /* conf.cpp in Sources */,
				5C32C6CD1355298C00164662 /* albion_ui.cpp in Sources */,
				5C32C6CE1355298C00164662 /* gfxconv.cpp in Sources */,
				5C32C6CF1355298C00164662 /* hq4x.cpp in Sources */,
				5C32C6D01355298C00164662 /* palette.cpp in Sources */,
				5C32C6D11355298C00164662 /* scaling.cpp in Sources */,
				5C32C6D21355298C00164662 /* xld.cpp in Sources */,
				5C32C6D31355298C00164662 /* map_events.cpp in Sources */,
				5C32C6D41355298C00164662 /* map_npcs.cpp in Sources */,
				5C32C6D51355298C00164662 /* labdata.cpp in Sources */,
				5C32C6D61355298C00164662 /* events.cpp in Sources */,
				5C32C6D71355298C00164662 /* npc2d.cpp in Sources */,
				5C32C6D81355298C00164662 /* player2d.cpp in Sources */,
				5C32C6D91355298C00164662 /* map_objects.cpp in Sources */,
				5C32C6DA1355298C00164662 /* albion_texture.cpp in Sources */,
				5C32C6DB1355298C00164662 /* transtb.cpp in Sources */,
				5C32C6DC1355298C00164662 /* ar_global.cpp in Sources */,
				5C32C6DD1355298C00164662 /* npc.cpp in Sources */,
				5C32C6DE1355298C00164662 /* npc3d.cpp in Sources */,
				5C32C6DF1355298C00164662 /* background3d.cpp in Sources */,
				5C32C6E01355298C00164662 /* map_tiles.cpp in Sources */,
				5C32C6E11355298C00164662 /* clock.cpp in Sources */,
				5C32C6E21355298C00164662 /* player3d.cpp in Sources */,
				5C32C6E31355298C00164662 /* hq2x.cpp in Sources */,
				5CFC5D1413E46E5200824F9C /* bin_graphics.cpp in Sources */,
				5C2E8091141C61DF00C4A0EE /* object_light.cpp in Sources */,
			);
			runOnlyForDeploymentPostprocessing = 0;
		};
/* End PBXSourcesBuildPhase section */

/* Begin PBXVariantGroup section */
		5C9C51291265490100A15B31 /* InfoPlist.strings */ = {
			isa = PBXVariantGroup;
			children = (
				5C9C512A1265490100A15B31 /* en */,
			);
			name = InfoPlist.strings;
			sourceTree = "<group>";
		};
		5C9C512B1265490100A15B31 /* MainMenu.xib */ = {
			isa = PBXVariantGroup;
			children = (
				5C9C512C1265490100A15B31 /* en */,
			);
			name = MainMenu.xib;
			sourceTree = "<group>";
		};
		5C9C512D1265490100A15B31 /* Credits.rtf */ = {
			isa = PBXVariantGroup;
			children = (
				5C9C512E1265490100A15B31 /* en */,
			);
			name = Credits.rtf;
			sourceTree = "<group>";
		};
/* End PBXVariantGroup section */

/* Begin XCBuildConfiguration section */
		5C06AFB212612D3500405DE8 /* Debug */ = {
			isa = XCBuildConfiguration;
			buildSettings = {
				ARCHS = "$(ARCHS_STANDARD_32_64_BIT)";
				GCC_C_LANGUAGE_STANDARD = gnu99;
				GCC_OPTIMIZATION_LEVEL = 0;
				GCC_PREPROCESSOR_DEFINITIONS = "A2E_USE_OPENCL=1";
				GCC_VERSION = com.apple.compilers.llvm.clang.1_0;
				GCC_WARN_ABOUT_MISSING_PROTOTYPES = YES;
				GCC_WARN_ABOUT_RETURN_TYPE = YES;
				GCC_WARN_UNUSED_VARIABLE = YES;
				MACOSX_DEPLOYMENT_TARGET = 10.7;
				ONLY_ACTIVE_ARCH = YES;
				OTHER_CFLAGS = "";
				OTHER_CPLUSPLUSFLAGS = "$(OTHER_CFLAGS)";
				OTHER_LDFLAGS = "";
				SDKROOT = macosx;
				STRINGS_FILE_OUTPUT_ENCODING = "UTF-8";
			};
			name = Debug;
		};
		5C06AFB312612D3500405DE8 /* Release */ = {
			isa = XCBuildConfiguration;
			buildSettings = {
				ARCHS = "$(ARCHS_STANDARD_32_64_BIT)";
				GCC_C_LANGUAGE_STANDARD = gnu99;
				GCC_PREPROCESSOR_DEFINITIONS = "A2E_USE_OPENCL=1";
				GCC_VERSION = com.apple.compilers.llvm.clang.1_0;
				GCC_WARN_ABOUT_MISSING_PROTOTYPES = YES;
				GCC_WARN_ABOUT_RETURN_TYPE = YES;
				GCC_WARN_UNUSED_VARIABLE = YES;
				MACOSX_DEPLOYMENT_TARGET = 10.7;
				ONLY_ACTIVE_ARCH = YES;
				OTHER_CFLAGS = "";
				OTHER_CPLUSPLUSFLAGS = "$(OTHER_CFLAGS)";
				OTHER_LDFLAGS = "";
				SDKROOT = macosx;
				STRINGS_FILE_OUTPUT_ENCODING = "UTF-8";
			};
			name = Release;
		};
		5C32C6ED1355298C00164662 /* Debug */ = {
			isa = XCBuildConfiguration;
			buildSettings = {
				ALWAYS_SEARCH_USER_PATHS = NO;
				ARCHS = "$(ARCHS_STANDARD_64_BIT)";
				CLANG_CXX_LANGUAGE_STANDARD = "c++0x";
				CLANG_CXX_LIBRARY = "libc++";
				CLANG_WARN__EXIT_TIME_DESTRUCTORS = NO;
				CLANG_X86_VECTOR_INSTRUCTIONS = sse4.1;
				CODE_SIGN_ENTITLEMENTS = "src/osx/Albion Remake.entitlements";
				CODE_SIGN_IDENTITY = "";
				CONFIGURATION_BUILD_DIR = bin/;
				COPY_PHASE_STRIP = NO;
				DEBUG_INFORMATION_FORMAT = dwarf;
				GCC_DYNAMIC_NO_PIC = NO;
				GCC_ENABLE_OBJC_EXCEPTIONS = NO;
				GCC_ENABLE_SSE3_EXTENSIONS = YES;
				GCC_ENABLE_SSE41_EXTENSIONS = YES;
				GCC_MODEL_TUNING = G5;
				GCC_OPTIMIZATION_LEVEL = 0;
				GCC_PRECOMPILE_PREFIX_HEADER = YES;
				GCC_PREFIX_HEADER = src/Albion_Remake_Prefix.pch;
				GCC_PREPROCESSOR_DEFINITIONS = (
					"A2E_USE_OPENCL=1",
					PLATFORM_X64,
				);
				GCC_UNROLL_LOOPS = YES;
				GCC_WARN_64_TO_32_BIT_CONVERSION = YES;
				GCC_WARN_ABOUT_MISSING_FIELD_INITIALIZERS = YES;
				GCC_WARN_ABOUT_MISSING_NEWLINE = YES;
				GCC_WARN_HIDDEN_VIRTUAL_FUNCTIONS = YES;
				GCC_WARN_INITIALIZER_NOT_FULLY_BRACKETED = YES;
				GCC_WARN_MULTIPLE_DEFINITION_TYPES_FOR_SELECTOR = YES;
				GCC_WARN_NON_VIRTUAL_DESTRUCTOR = YES;
				GCC_WARN_PEDANTIC = NO;
				GCC_WARN_SHADOW = YES;
				GCC_WARN_SIGN_COMPARE = YES;
				GCC_WARN_STRICT_SELECTOR_MATCH = YES;
				GCC_WARN_UNDECLARED_SELECTOR = YES;
				GCC_WARN_UNINITIALIZED_AUTOS = YES;
				GCC_WARN_UNUSED_FUNCTION = YES;
				GCC_WARN_UNUSED_LABEL = YES;
				HEADER_SEARCH_PATHS = (
					/usr/X11/include,
					/usr/X11/include/freetype2,
					/usr/local/include,
					/usr/local/include/a2elight,
					/usr/include/libxml2,
				);
				INFOPLIST_FILE = src/osx/Info.plist;
				INSTALL_PATH = "$(HOME)/Applications";
				LIBRARY_SEARCH_PATHS = (
					/usr/local/lib,
					"$(inherited)",
				);
				MACOSX_DEPLOYMENT_TARGET = 10.7;
				OTHER_CFLAGS = "";
				OTHER_CPLUSPLUSFLAGS = "$(OTHER_CFLAGS)";
				OTHER_LDFLAGS = "-la2elightd";
				PRODUCT_NAME = "Albion Remaked";
				SDKROOT = macosx;
				SYMROOT = build;
				WARNING_CFLAGS = (
					"-Wall",
					"-Wextra",
					"-Wstrict-prototypes",
					"-Widiomatic-parentheses",
					"-Wnull-dereference",
					"-Wunneeded-internal-declaration",
					"-Wlogical-op-parentheses",
					"-Wnull-arithmetic",
					"-Wno-unused-parameter",
					"-Wno-ignored-qualifiers",
					"-Wdangling-else",
				);
				WRAPPER_EXTENSION = app;
			};
			name = Debug;
		};
		5C32C6EE1355298C00164662 /* Release */ = {
			isa = XCBuildConfiguration;
			buildSettings = {
				ALWAYS_SEARCH_USER_PATHS = NO;
				ARCHS = "$(ARCHS_STANDARD_64_BIT)";
				CLANG_CXX_LANGUAGE_STANDARD = "c++0x";
				CLANG_CXX_LIBRARY = "libc++";
				CLANG_WARN__EXIT_TIME_DESTRUCTORS = NO;
				CLANG_X86_VECTOR_INSTRUCTIONS = sse4.1;
				CODE_SIGN_ENTITLEMENTS = "src/osx/Albion Remake.entitlements";
				CODE_SIGN_IDENTITY = "";
				CONFIGURATION_BUILD_DIR = bin/;
				COPY_PHASE_STRIP = YES;
				DEBUG_INFORMATION_FORMAT = "dwarf-with-dsym";
				GCC_ENABLE_OBJC_EXCEPTIONS = NO;
				GCC_ENABLE_SSE3_EXTENSIONS = YES;
				GCC_ENABLE_SSE41_EXTENSIONS = YES;
				GCC_MODEL_TUNING = G5;
				GCC_PRECOMPILE_PREFIX_HEADER = YES;
				GCC_PREFIX_HEADER = src/Albion_Remake_Prefix.pch;
				GCC_PREPROCESSOR_DEFINITIONS = (
					"A2E_USE_OPENCL=1",
					PLATFORM_X64,
				);
				GCC_UNROLL_LOOPS = YES;
				GCC_WARN_64_TO_32_BIT_CONVERSION = YES;
				GCC_WARN_ABOUT_MISSING_FIELD_INITIALIZERS = YES;
				GCC_WARN_ABOUT_MISSING_NEWLINE = YES;
				GCC_WARN_HIDDEN_VIRTUAL_FUNCTIONS = YES;
				GCC_WARN_INITIALIZER_NOT_FULLY_BRACKETED = YES;
				GCC_WARN_MULTIPLE_DEFINITION_TYPES_FOR_SELECTOR = YES;
				GCC_WARN_NON_VIRTUAL_DESTRUCTOR = YES;
				GCC_WARN_PEDANTIC = NO;
				GCC_WARN_SHADOW = YES;
				GCC_WARN_SIGN_COMPARE = YES;
				GCC_WARN_STRICT_SELECTOR_MATCH = YES;
				GCC_WARN_UNDECLARED_SELECTOR = YES;
				GCC_WARN_UNINITIALIZED_AUTOS = YES;
				GCC_WARN_UNUSED_FUNCTION = YES;
				GCC_WARN_UNUSED_LABEL = YES;
				HEADER_SEARCH_PATHS = (
					/usr/X11/include,
					/usr/X11/include/freetype2,
					/usr/local/include,
					/usr/local/include/a2elight,
					/usr/include/libxml2,
				);
				INFOPLIST_FILE = src/osx/Info.plist;
				INSTALL_PATH = "$(HOME)/Applications";
				LIBRARY_SEARCH_PATHS = (
					/usr/local/lib,
					"$(inherited)",
				);
				MACOSX_DEPLOYMENT_TARGET = 10.7;
				ONLY_ACTIVE_ARCH = YES;
				OTHER_CFLAGS = "";
				OTHER_CPLUSPLUSFLAGS = "$(OTHER_CFLAGS)";
				OTHER_LDFLAGS = "-la2elight";
				PRODUCT_NAME = "Albion Remake";
				SDKROOT = macosx;
				SYMROOT = build;
				WARNING_CFLAGS = (
					"-Wall",
					"-Wextra",
					"-Wstrict-prototypes",
					"-Widiomatic-parentheses",
					"-Wnull-dereference",
					"-Wunneeded-internal-declaration",
					"-Wlogical-op-parentheses",
					"-Wnull-arithmetic",
					"-Wno-unused-parameter",
					"-Wno-ignored-qualifiers",
					"-Wdangling-else",
				);
				WRAPPER_EXTENSION = app;
			};
			name = Release;
		};
/* End XCBuildConfiguration section */

/* Begin XCConfigurationList section */
		5C06AF9312612D3400405DE8 /* Build configuration list for PBXProject "albion" */ = {
			isa = XCConfigurationList;
			buildConfigurations = (
				5C06AFB212612D3500405DE8 /* Debug */,
				5C06AFB312612D3500405DE8 /* Release */,
			);
			defaultConfigurationIsVisible = 0;
			defaultConfigurationName = Release;
		};
		5C32C6EC1355298C00164662 /* Build configuration list for PBXNativeTarget "Albion Remake" */ = {
			isa = XCConfigurationList;
			buildConfigurations = (
				5C32C6ED1355298C00164662 /* Debug */,
				5C32C6EE1355298C00164662 /* Release */,
			);
			defaultConfigurationIsVisible = 0;
			defaultConfigurationName = Release;
		};
/* End XCConfigurationList section */
	};
	rootObject = 5C06AF9012612D3400405DE8 /* Project object */;
}
