// !$*UTF8*$!
{
	archiveVersion = 1;
	classes = {
	};
	objectVersion = 46;
	objects = {

/* Begin PBXBuildFile section */
		5C00C4B5150FA5DC00663D3B /* SDL2.framework in Frameworks */ = {isa = PBXBuildFile; fileRef = 5C00C4B3150FA5DC00663D3B /* SDL2.framework */; };
		5C00C4B6150FA5DC00663D3B /* SDL2_image.framework in Frameworks */ = {isa = PBXBuildFile; fileRef = 5C00C4B4150FA5DC00663D3B /* SDL2_image.framework */; };
		5C29BBF9184FE28D00EF665E /* ar_debug.cpp in Sources */ = {isa = PBXBuildFile; fileRef = 5C29BBB0184FE28C00EF665E /* ar_debug.cpp */; };
		5C29BBFA184FE28D00EF665E /* ar_global.cpp in Sources */ = {isa = PBXBuildFile; fileRef = 5C29BBB2184FE28C00EF665E /* ar_global.cpp */; };
		5C29BBFB184FE28D00EF665E /* conf.cpp in Sources */ = {isa = PBXBuildFile; fileRef = 5C29BBB4184FE28C00EF665E /* conf.cpp */; };
		5C29BBFC184FE28D00EF665E /* clock.cpp in Sources */ = {isa = PBXBuildFile; fileRef = 5C29BBB7184FE28C00EF665E /* clock.cpp */; };
		5C29BBFD184FE28D00EF665E /* events.cpp in Sources */ = {isa = PBXBuildFile; fileRef = 5C29BBB9184FE28C00EF665E /* events.cpp */; };
		5C29BBFE184FE28D00EF665E /* albion_texture.cpp in Sources */ = {isa = PBXBuildFile; fileRef = 5C29BBBC184FE28C00EF665E /* albion_texture.cpp */; };
		5C29BBFF184FE28D00EF665E /* gfxconv.cpp in Sources */ = {isa = PBXBuildFile; fileRef = 5C29BBBE184FE28C00EF665E /* gfxconv.cpp */; };
		5C29BC00184FE28D00EF665E /* hq2x.cpp in Sources */ = {isa = PBXBuildFile; fileRef = 5C29BBC1184FE28C00EF665E /* hq2x.cpp */; };
		5C29BC01184FE28D00EF665E /* hq4x.cpp in Sources */ = {isa = PBXBuildFile; fileRef = 5C29BBC2184FE28C00EF665E /* hq4x.cpp */; };
		5C29BC02184FE28D00EF665E /* palette.cpp in Sources */ = {isa = PBXBuildFile; fileRef = 5C29BBC4184FE28C00EF665E /* palette.cpp */; };
		5C29BC03184FE28D00EF665E /* scaling.cpp in Sources */ = {isa = PBXBuildFile; fileRef = 5C29BBC6184FE28C00EF665E /* scaling.cpp */; };
		5C29BC04184FE28D00EF665E /* transtb.cpp in Sources */ = {isa = PBXBuildFile; fileRef = 5C29BBC8184FE28C00EF665E /* transtb.cpp */; };
		5C29BC05184FE28D00EF665E /* main.cpp in Sources */ = {isa = PBXBuildFile; fileRef = 5C29BBCA184FE28D00EF665E /* main.cpp */; };
		5C29BC06184FE28D00EF665E /* map2d.cpp in Sources */ = {isa = PBXBuildFile; fileRef = 5C29BBCE184FE28D00EF665E /* map2d.cpp */; };
		5C29BC07184FE28D00EF665E /* npc2d.cpp in Sources */ = {isa = PBXBuildFile; fileRef = 5C29BBD0184FE28D00EF665E /* npc2d.cpp */; };
		5C29BC08184FE28D00EF665E /* npcgfx.cpp in Sources */ = {isa = PBXBuildFile; fileRef = 5C29BBD2184FE28D00EF665E /* npcgfx.cpp */; };
		5C29BC09184FE28D00EF665E /* player2d.cpp in Sources */ = {isa = PBXBuildFile; fileRef = 5C29BBD4184FE28D00EF665E /* player2d.cpp */; };
		5C29BC0A184FE28D00EF665E /* tileset.cpp in Sources */ = {isa = PBXBuildFile; fileRef = 5C29BBD6184FE28D00EF665E /* tileset.cpp */; };
		5C29BC0B184FE28D00EF665E /* background3d.cpp in Sources */ = {isa = PBXBuildFile; fileRef = 5C29BBD9184FE28D00EF665E /* background3d.cpp */; };
		5C29BC0C184FE28D00EF665E /* labdata.cpp in Sources */ = {isa = PBXBuildFile; fileRef = 5C29BBDB184FE28D00EF665E /* labdata.cpp */; };
		5C29BC0D184FE28D00EF665E /* map3d.cpp in Sources */ = {isa = PBXBuildFile; fileRef = 5C29BBDD184FE28D00EF665E /* map3d.cpp */; };
		5C29BC0E184FE28D00EF665E /* map_objects.cpp in Sources */ = {isa = PBXBuildFile; fileRef = 5C29BBDF184FE28D00EF665E /* map_objects.cpp */; };
		5C29BC0F184FE28D00EF665E /* map_tiles.cpp in Sources */ = {isa = PBXBuildFile; fileRef = 5C29BBE1184FE28D00EF665E /* map_tiles.cpp */; };
		5C29BC10184FE28D00EF665E /* npc3d.cpp in Sources */ = {isa = PBXBuildFile; fileRef = 5C29BBE3184FE28D00EF665E /* npc3d.cpp */; };
		5C29BC11184FE28D00EF665E /* object_light.cpp in Sources */ = {isa = PBXBuildFile; fileRef = 5C29BBE5184FE28D00EF665E /* object_light.cpp */; };
		5C29BC12184FE28D00EF665E /* player3d.cpp in Sources */ = {isa = PBXBuildFile; fileRef = 5C29BBE7184FE28D00EF665E /* player3d.cpp */; };
		5C29BC13184FE28D00EF665E /* map_events.cpp in Sources */ = {isa = PBXBuildFile; fileRef = 5C29BBEA184FE28D00EF665E /* map_events.cpp */; };
		5C29BC14184FE28D00EF665E /* map_handler.cpp in Sources */ = {isa = PBXBuildFile; fileRef = 5C29BBEC184FE28D00EF665E /* map_handler.cpp */; };
		5C29BC15184FE28D00EF665E /* map_npcs.cpp in Sources */ = {isa = PBXBuildFile; fileRef = 5C29BBEE184FE28D00EF665E /* map_npcs.cpp */; };
		5C29BC16184FE28D00EF665E /* npc.cpp in Sources */ = {isa = PBXBuildFile; fileRef = 5C29BBF0184FE28D00EF665E /* npc.cpp */; };
		5C29BC17184FE28D00EF665E /* albion_ui.cpp in Sources */ = {isa = PBXBuildFile; fileRef = 5C29BBF3184FE28D00EF665E /* albion_ui.cpp */; };
		5C29BC18184FE28D00EF665E /* bin_graphics.cpp in Sources */ = {isa = PBXBuildFile; fileRef = 5C29BBF5184FE28D00EF665E /* bin_graphics.cpp */; };
		5C29BC19184FE28D00EF665E /* xld.cpp in Sources */ = {isa = PBXBuildFile; fileRef = 5C29BBF7184FE28D00EF665E /* xld.cpp */; };
		5C32C6E51355298C00164662 /* OpenCL.framework in Frameworks */ = {isa = PBXBuildFile; fileRef = 5C71CDD41261F4FA0052A6C2 /* OpenCL.framework */; };
		5C32C6E71355298C00164662 /* OpenGL.framework in Frameworks */ = {isa = PBXBuildFile; fileRef = 5C06B00C1261336700405DE8 /* OpenGL.framework */; };
		5C32C6E81355298C00164662 /* AppKit.framework in Frameworks */ = {isa = PBXBuildFile; fileRef = 5C06AFDB12612E4800405DE8 /* AppKit.framework */; };
		5C32C6EA1355298C00164662 /* Cocoa.framework in Frameworks */ = {isa = PBXBuildFile; fileRef = 5C06AFA012612D3500405DE8 /* Cocoa.framework */; };
		5C91C2301863E3EA003B254F /* map_defines.cpp in Sources */ = {isa = PBXBuildFile; fileRef = 5C91C22E1863E3EA003B254F /* map_defines.cpp */; };
/* End PBXBuildFile section */

/* Begin PBXFileReference section */
		5C00C4B3150FA5DC00663D3B /* SDL2.framework */ = {isa = PBXFileReference; lastKnownFileType = wrapper.framework; name = SDL2.framework; path = Library/Frameworks/SDL2.framework; sourceTree = SDKROOT; };
		5C00C4B4150FA5DC00663D3B /* SDL2_image.framework */ = {isa = PBXFileReference; lastKnownFileType = wrapper.framework; name = SDL2_image.framework; path = Library/Frameworks/SDL2_image.framework; sourceTree = SDKROOT; };
		5C06AFA012612D3500405DE8 /* Cocoa.framework */ = {isa = PBXFileReference; lastKnownFileType = wrapper.framework; name = Cocoa.framework; path = System/Library/Frameworks/Cocoa.framework; sourceTree = SDKROOT; };
		5C06AFDB12612E4800405DE8 /* AppKit.framework */ = {isa = PBXFileReference; lastKnownFileType = wrapper.framework; name = AppKit.framework; path = Developer/SDKs/MacOSX10.6.sdk/System/Library/Frameworks/AppKit.framework; sourceTree = SDKROOT; };
		5C06B00C1261336700405DE8 /* OpenGL.framework */ = {isa = PBXFileReference; lastKnownFileType = wrapper.framework; name = OpenGL.framework; path = Developer/SDKs/MacOSX10.6.sdk/System/Library/Frameworks/OpenGL.framework; sourceTree = SDKROOT; };
		5C22ECCE1445ED56006025F1 /* config.xml */ = {isa = PBXFileReference; lastKnownFileType = text.xml; name = config.xml; path = data/config.xml; sourceTree = "<group>"; };
		5C22ECD01445F2B0006025F1 /* config.dtd */ = {isa = PBXFileReference; lastKnownFileType = text.xml; name = config.dtd; path = data/dtd/config.dtd; sourceTree = "<group>"; };
		5C2951FA140031EE003C6E13 /* a2e_cl_global.h */ = {isa = PBXFileReference; lastKnownFileType = sourcecode.c.h; path = a2e_cl_global.h; sourceTree = "<group>"; };
		5C2951FB140031EE003C6E13 /* a2e_cl_matrix.h */ = {isa = PBXFileReference; lastKnownFileType = sourcecode.c.h; path = a2e_cl_matrix.h; sourceTree = "<group>"; };
		5C2951FC140031EE003C6E13 /* a2e_cl_particle_init.h */ = {isa = PBXFileReference; lastKnownFileType = sourcecode.c.h; path = a2e_cl_particle_init.h; sourceTree = "<group>"; };
		5C29BBB0184FE28C00EF665E /* ar_debug.cpp */ = {isa = PBXFileReference; fileEncoding = 4; lastKnownFileType = sourcecode.cpp.cpp; name = ar_debug.cpp; path = src/ar_debug.cpp; sourceTree = SOURCE_ROOT; };
		5C29BBB1184FE28C00EF665E /* ar_debug.hpp */ = {isa = PBXFileReference; fileEncoding = 4; lastKnownFileType = sourcecode.cpp.h; name = ar_debug.hpp; path = src/ar_debug.hpp; sourceTree = SOURCE_ROOT; };
		5C29BBB2184FE28C00EF665E /* ar_global.cpp */ = {isa = PBXFileReference; fileEncoding = 4; lastKnownFileType = sourcecode.cpp.cpp; name = ar_global.cpp; path = src/ar_global.cpp; sourceTree = SOURCE_ROOT; };
		5C29BBB3184FE28C00EF665E /* ar_global.hpp */ = {isa = PBXFileReference; fileEncoding = 4; lastKnownFileType = sourcecode.cpp.h; name = ar_global.hpp; path = src/ar_global.hpp; sourceTree = SOURCE_ROOT; };
		5C29BBB4184FE28C00EF665E /* conf.cpp */ = {isa = PBXFileReference; fileEncoding = 4; lastKnownFileType = sourcecode.cpp.cpp; name = conf.cpp; path = src/conf.cpp; sourceTree = SOURCE_ROOT; };
		5C29BBB5184FE28C00EF665E /* conf.hpp */ = {isa = PBXFileReference; fileEncoding = 4; lastKnownFileType = sourcecode.cpp.h; name = conf.hpp; path = src/conf.hpp; sourceTree = SOURCE_ROOT; };
		5C29BBB7184FE28C00EF665E /* clock.cpp */ = {isa = PBXFileReference; fileEncoding = 4; lastKnownFileType = sourcecode.cpp.cpp; path = clock.cpp; sourceTree = "<group>"; };
		5C29BBB8184FE28C00EF665E /* clock.hpp */ = {isa = PBXFileReference; fileEncoding = 4; lastKnownFileType = sourcecode.cpp.h; path = clock.hpp; sourceTree = "<group>"; };
		5C29BBB9184FE28C00EF665E /* events.cpp */ = {isa = PBXFileReference; fileEncoding = 4; lastKnownFileType = sourcecode.cpp.cpp; path = events.cpp; sourceTree = "<group>"; };
		5C29BBBA184FE28C00EF665E /* events.hpp */ = {isa = PBXFileReference; fileEncoding = 4; lastKnownFileType = sourcecode.cpp.h; path = events.hpp; sourceTree = "<group>"; };
		5C29BBBC184FE28C00EF665E /* albion_texture.cpp */ = {isa = PBXFileReference; fileEncoding = 4; lastKnownFileType = sourcecode.cpp.cpp; path = albion_texture.cpp; sourceTree = "<group>"; };
		5C29BBBD184FE28C00EF665E /* albion_texture.hpp */ = {isa = PBXFileReference; fileEncoding = 4; lastKnownFileType = sourcecode.cpp.h; path = albion_texture.hpp; sourceTree = "<group>"; };
		5C29BBBE184FE28C00EF665E /* gfxconv.cpp */ = {isa = PBXFileReference; fileEncoding = 4; lastKnownFileType = sourcecode.cpp.cpp; path = gfxconv.cpp; sourceTree = "<group>"; };
		5C29BBBF184FE28C00EF665E /* gfxconv.hpp */ = {isa = PBXFileReference; fileEncoding = 4; lastKnownFileType = sourcecode.cpp.h; path = gfxconv.hpp; sourceTree = "<group>"; };
		5C29BBC1184FE28C00EF665E /* hq2x.cpp */ = {isa = PBXFileReference; fileEncoding = 4; lastKnownFileType = sourcecode.cpp.cpp; path = hq2x.cpp; sourceTree = "<group>"; };
		5C29BBC2184FE28C00EF665E /* hq4x.cpp */ = {isa = PBXFileReference; fileEncoding = 4; lastKnownFileType = sourcecode.cpp.cpp; path = hq4x.cpp; sourceTree = "<group>"; };
		5C29BBC3184FE28C00EF665E /* hqx.hpp */ = {isa = PBXFileReference; fileEncoding = 4; lastKnownFileType = sourcecode.cpp.h; path = hqx.hpp; sourceTree = "<group>"; };
		5C29BBC4184FE28C00EF665E /* palette.cpp */ = {isa = PBXFileReference; fileEncoding = 4; lastKnownFileType = sourcecode.cpp.cpp; path = palette.cpp; sourceTree = "<group>"; };
		5C29BBC5184FE28C00EF665E /* palette.hpp */ = {isa = PBXFileReference; fileEncoding = 4; lastKnownFileType = sourcecode.cpp.h; path = palette.hpp; sourceTree = "<group>"; };
		5C29BBC6184FE28C00EF665E /* scaling.cpp */ = {isa = PBXFileReference; fileEncoding = 4; lastKnownFileType = sourcecode.cpp.cpp; path = scaling.cpp; sourceTree = "<group>"; };
		5C29BBC7184FE28C00EF665E /* scaling.hpp */ = {isa = PBXFileReference; fileEncoding = 4; lastKnownFileType = sourcecode.cpp.h; path = scaling.hpp; sourceTree = "<group>"; };
		5C29BBC8184FE28C00EF665E /* transtb.cpp */ = {isa = PBXFileReference; fileEncoding = 4; lastKnownFileType = sourcecode.cpp.cpp; path = transtb.cpp; sourceTree = "<group>"; };
		5C29BBC9184FE28D00EF665E /* transtb.hpp */ = {isa = PBXFileReference; fileEncoding = 4; lastKnownFileType = sourcecode.cpp.h; path = transtb.hpp; sourceTree = "<group>"; };
		5C29BBCA184FE28D00EF665E /* main.cpp */ = {isa = PBXFileReference; fileEncoding = 4; lastKnownFileType = sourcecode.cpp.cpp; name = main.cpp; path = src/main.cpp; sourceTree = SOURCE_ROOT; };
		5C29BBCB184FE28D00EF665E /* main.hpp */ = {isa = PBXFileReference; fileEncoding = 4; lastKnownFileType = sourcecode.cpp.h; name = main.hpp; path = src/main.hpp; sourceTree = SOURCE_ROOT; };
		5C29BBCE184FE28D00EF665E /* map2d.cpp */ = {isa = PBXFileReference; fileEncoding = 4; lastKnownFileType = sourcecode.cpp.cpp; path = map2d.cpp; sourceTree = "<group>"; };
		5C29BBCF184FE28D00EF665E /* map2d.hpp */ = {isa = PBXFileReference; fileEncoding = 4; lastKnownFileType = sourcecode.cpp.h; path = map2d.hpp; sourceTree = "<group>"; };
		5C29BBD0184FE28D00EF665E /* npc2d.cpp */ = {isa = PBXFileReference; fileEncoding = 4; lastKnownFileType = sourcecode.cpp.cpp; path = npc2d.cpp; sourceTree = "<group>"; };
		5C29BBD1184FE28D00EF665E /* npc2d.hpp */ = {isa = PBXFileReference; fileEncoding = 4; lastKnownFileType = sourcecode.cpp.h; path = npc2d.hpp; sourceTree = "<group>"; };
		5C29BBD2184FE28D00EF665E /* npcgfx.cpp */ = {isa = PBXFileReference; fileEncoding = 4; lastKnownFileType = sourcecode.cpp.cpp; path = npcgfx.cpp; sourceTree = "<group>"; };
		5C29BBD3184FE28D00EF665E /* npcgfx.hpp */ = {isa = PBXFileReference; fileEncoding = 4; lastKnownFileType = sourcecode.cpp.h; path = npcgfx.hpp; sourceTree = "<group>"; };
		5C29BBD4184FE28D00EF665E /* player2d.cpp */ = {isa = PBXFileReference; fileEncoding = 4; lastKnownFileType = sourcecode.cpp.cpp; path = player2d.cpp; sourceTree = "<group>"; };
		5C29BBD5184FE28D00EF665E /* player2d.hpp */ = {isa = PBXFileReference; fileEncoding = 4; lastKnownFileType = sourcecode.cpp.h; path = player2d.hpp; sourceTree = "<group>"; };
		5C29BBD6184FE28D00EF665E /* tileset.cpp */ = {isa = PBXFileReference; fileEncoding = 4; lastKnownFileType = sourcecode.cpp.cpp; path = tileset.cpp; sourceTree = "<group>"; };
		5C29BBD7184FE28D00EF665E /* tileset.hpp */ = {isa = PBXFileReference; fileEncoding = 4; lastKnownFileType = sourcecode.cpp.h; path = tileset.hpp; sourceTree = "<group>"; };
		5C29BBD9184FE28D00EF665E /* background3d.cpp */ = {isa = PBXFileReference; fileEncoding = 4; lastKnownFileType = sourcecode.cpp.cpp; path = background3d.cpp; sourceTree = "<group>"; };
		5C29BBDA184FE28D00EF665E /* background3d.hpp */ = {isa = PBXFileReference; fileEncoding = 4; lastKnownFileType = sourcecode.cpp.h; path = background3d.hpp; sourceTree = "<group>"; };
		5C29BBDB184FE28D00EF665E /* labdata.cpp */ = {isa = PBXFileReference; fileEncoding = 4; lastKnownFileType = sourcecode.cpp.cpp; path = labdata.cpp; sourceTree = "<group>"; };
		5C29BBDC184FE28D00EF665E /* labdata.hpp */ = {isa = PBXFileReference; fileEncoding = 4; lastKnownFileType = sourcecode.cpp.h; path = labdata.hpp; sourceTree = "<group>"; };
		5C29BBDD184FE28D00EF665E /* map3d.cpp */ = {isa = PBXFileReference; fileEncoding = 4; lastKnownFileType = sourcecode.cpp.cpp; path = map3d.cpp; sourceTree = "<group>"; };
		5C29BBDE184FE28D00EF665E /* map3d.hpp */ = {isa = PBXFileReference; fileEncoding = 4; lastKnownFileType = sourcecode.cpp.h; path = map3d.hpp; sourceTree = "<group>"; };
		5C29BBDF184FE28D00EF665E /* map_objects.cpp */ = {isa = PBXFileReference; fileEncoding = 4; lastKnownFileType = sourcecode.cpp.cpp; path = map_objects.cpp; sourceTree = "<group>"; };
		5C29BBE0184FE28D00EF665E /* map_objects.hpp */ = {isa = PBXFileReference; fileEncoding = 4; lastKnownFileType = sourcecode.cpp.h; path = map_objects.hpp; sourceTree = "<group>"; };
		5C29BBE1184FE28D00EF665E /* map_tiles.cpp */ = {isa = PBXFileReference; fileEncoding = 4; lastKnownFileType = sourcecode.cpp.cpp; path = map_tiles.cpp; sourceTree = "<group>"; };
		5C29BBE2184FE28D00EF665E /* map_tiles.hpp */ = {isa = PBXFileReference; fileEncoding = 4; lastKnownFileType = sourcecode.cpp.h; path = map_tiles.hpp; sourceTree = "<group>"; };
		5C29BBE3184FE28D00EF665E /* npc3d.cpp */ = {isa = PBXFileReference; fileEncoding = 4; lastKnownFileType = sourcecode.cpp.cpp; path = npc3d.cpp; sourceTree = "<group>"; };
		5C29BBE4184FE28D00EF665E /* npc3d.hpp */ = {isa = PBXFileReference; fileEncoding = 4; lastKnownFileType = sourcecode.cpp.h; path = npc3d.hpp; sourceTree = "<group>"; };
		5C29BBE5184FE28D00EF665E /* object_light.cpp */ = {isa = PBXFileReference; fileEncoding = 4; lastKnownFileType = sourcecode.cpp.cpp; path = object_light.cpp; sourceTree = "<group>"; };
		5C29BBE6184FE28D00EF665E /* object_light.hpp */ = {isa = PBXFileReference; fileEncoding = 4; lastKnownFileType = sourcecode.cpp.h; path = object_light.hpp; sourceTree = "<group>"; };
		5C29BBE7184FE28D00EF665E /* player3d.cpp */ = {isa = PBXFileReference; fileEncoding = 4; lastKnownFileType = sourcecode.cpp.cpp; path = player3d.cpp; sourceTree = "<group>"; };
		5C29BBE8184FE28D00EF665E /* player3d.hpp */ = {isa = PBXFileReference; fileEncoding = 4; lastKnownFileType = sourcecode.cpp.h; path = player3d.hpp; sourceTree = "<group>"; };
		5C29BBE9184FE28D00EF665E /* map_defines.hpp */ = {isa = PBXFileReference; fileEncoding = 4; lastKnownFileType = sourcecode.cpp.h; path = map_defines.hpp; sourceTree = "<group>"; };
		5C29BBEA184FE28D00EF665E /* map_events.cpp */ = {isa = PBXFileReference; fileEncoding = 4; lastKnownFileType = sourcecode.cpp.cpp; path = map_events.cpp; sourceTree = "<group>"; };
		5C29BBEB184FE28D00EF665E /* map_events.hpp */ = {isa = PBXFileReference; fileEncoding = 4; lastKnownFileType = sourcecode.cpp.h; path = map_events.hpp; sourceTree = "<group>"; };
		5C29BBEC184FE28D00EF665E /* map_handler.cpp */ = {isa = PBXFileReference; fileEncoding = 4; lastKnownFileType = sourcecode.cpp.cpp; path = map_handler.cpp; sourceTree = "<group>"; };
		5C29BBED184FE28D00EF665E /* map_handler.hpp */ = {isa = PBXFileReference; fileEncoding = 4; lastKnownFileType = sourcecode.cpp.h; path = map_handler.hpp; sourceTree = "<group>"; };
		5C29BBEE184FE28D00EF665E /* map_npcs.cpp */ = {isa = PBXFileReference; fileEncoding = 4; lastKnownFileType = sourcecode.cpp.cpp; path = map_npcs.cpp; sourceTree = "<group>"; };
		5C29BBEF184FE28D00EF665E /* map_npcs.hpp */ = {isa = PBXFileReference; fileEncoding = 4; lastKnownFileType = sourcecode.cpp.h; path = map_npcs.hpp; sourceTree = "<group>"; };
		5C29BBF0184FE28D00EF665E /* npc.cpp */ = {isa = PBXFileReference; fileEncoding = 4; lastKnownFileType = sourcecode.cpp.cpp; path = npc.cpp; sourceTree = "<group>"; };
		5C29BBF1184FE28D00EF665E /* npc.hpp */ = {isa = PBXFileReference; fileEncoding = 4; lastKnownFileType = sourcecode.cpp.h; path = npc.hpp; sourceTree = "<group>"; };
		5C29BBF3184FE28D00EF665E /* albion_ui.cpp */ = {isa = PBXFileReference; fileEncoding = 4; lastKnownFileType = sourcecode.cpp.cpp; path = albion_ui.cpp; sourceTree = "<group>"; };
		5C29BBF4184FE28D00EF665E /* albion_ui.hpp */ = {isa = PBXFileReference; fileEncoding = 4; lastKnownFileType = sourcecode.cpp.h; path = albion_ui.hpp; sourceTree = "<group>"; };
		5C29BBF5184FE28D00EF665E /* bin_graphics.cpp */ = {isa = PBXFileReference; fileEncoding = 4; lastKnownFileType = sourcecode.cpp.cpp; path = bin_graphics.cpp; sourceTree = "<group>"; };
		5C29BBF6184FE28D00EF665E /* bin_graphics.hpp */ = {isa = PBXFileReference; fileEncoding = 4; lastKnownFileType = sourcecode.cpp.h; path = bin_graphics.hpp; sourceTree = "<group>"; };
		5C29BBF7184FE28D00EF665E /* xld.cpp */ = {isa = PBXFileReference; fileEncoding = 4; lastKnownFileType = sourcecode.cpp.cpp; name = xld.cpp; path = src/xld.cpp; sourceTree = SOURCE_ROOT; };
		5C29BBF8184FE28D00EF665E /* xld.hpp */ = {isa = PBXFileReference; fileEncoding = 4; lastKnownFileType = sourcecode.cpp.h; name = xld.hpp; path = src/xld.hpp; sourceTree = SOURCE_ROOT; };
		5C2C927D140AE70B00AC808C /* blurline3.a2eshd */ = {isa = PBXFileReference; lastKnownFileType = text.xml; name = blurline3.a2eshd; path = data/shader/misc/blurline3.a2eshd; sourceTree = "<group>"; };
		5C2C927E140AE70B00AC808C /* blurline5.a2eshd */ = {isa = PBXFileReference; lastKnownFileType = text.xml; name = blurline5.a2eshd; path = data/shader/misc/blurline5.a2eshd; sourceTree = "<group>"; };
		5C2C9284140AE70B00AC808C /* luma.a2eshd */ = {isa = PBXFileReference; lastKnownFileType = text.xml; name = luma.a2eshd; path = data/shader/misc/luma.a2eshd; sourceTree = "<group>"; xcLanguageSpecificationIdentifier = xcode.lang.glsl; };
		5C2C9286140AE73B00AC808C /* simple.a2eshd */ = {isa = PBXFileReference; lastKnownFileType = text; name = simple.a2eshd; path = data/shader/misc/simple.a2eshd; sourceTree = "<group>"; xcLanguageSpecificationIdentifier = xcode.lang.glsl; };
		5C32C6EF1355298C00164662 /* Albion Remaked.app */ = {isa = PBXFileReference; explicitFileType = wrapper.application; includeInIndex = 0; path = "Albion Remaked.app"; sourceTree = BUILT_PRODUCTS_DIR; };
		5C34B58713E8E85E004E705F /* fxaa3.a2eshd */ = {isa = PBXFileReference; lastKnownFileType = text.xml; name = fxaa3.a2eshd; path = data/shader/misc/fxaa3.a2eshd; sourceTree = SOURCE_ROOT; xcLanguageSpecificationIdentifier = xcode.lang.glsl; };
		5C51E76612CC164F00C4E0EA /* mp_map_objects.a2eshd */ = {isa = PBXFileReference; lastKnownFileType = text.xml; path = mp_map_objects.a2eshd; sourceTree = "<group>"; xcLanguageSpecificationIdentifier = xcode.lang.glsl; };
		5C51E76712CC164F00C4E0EA /* mp_map_tiles.a2eshd */ = {isa = PBXFileReference; lastKnownFileType = text.xml; path = mp_map_tiles.a2eshd; sourceTree = "<group>"; xcLanguageSpecificationIdentifier = xcode.lang.glsl; };
		5C6A50B0140D84BE00EA5C1A /* particle_draw_ocl.a2eshd */ = {isa = PBXFileReference; lastKnownFileType = text.xml; name = particle_draw_ocl.a2eshd; path = data/shader/particle/particle_draw_ocl.a2eshd; sourceTree = "<group>"; xcLanguageSpecificationIdentifier = xcode.lang.glsl; };
		5C6A50B5140DB1BD00EA5C1A /* global.a2eshdi */ = {isa = PBXFileReference; lastKnownFileType = text; path = global.a2eshdi; sourceTree = "<group>"; xcLanguageSpecificationIdentifier = xcode.lang.glsl; };
		5C6E2D2A14AA25C300FBD924 /* downsample.a2eshd */ = {isa = PBXFileReference; lastKnownFileType = text.xml; name = downsample.a2eshd; path = data/shader/misc/downsample.a2eshd; sourceTree = "<group>"; };
		5C70CF5412CBAFB500F988D3 /* gp_gbuffer_map_objects.a2eshd */ = {isa = PBXFileReference; lastKnownFileType = text.xml; path = gp_gbuffer_map_objects.a2eshd; sourceTree = "<group>"; xcLanguageSpecificationIdentifier = xcode.lang.glsl; };
		5C70CF5512CBAFB500F988D3 /* gp_gbuffer_map_tiles.a2eshd */ = {isa = PBXFileReference; lastKnownFileType = text.xml; path = gp_gbuffer_map_tiles.a2eshd; sourceTree = "<group>"; xcLanguageSpecificationIdentifier = xcode.lang.glsl; };
		5C70CF5B12CBBBBC00F988D3 /* mp_sky.a2eshd */ = {isa = PBXFileReference; lastKnownFileType = text.xml; path = mp_sky.a2eshd; sourceTree = "<group>"; xcLanguageSpecificationIdentifier = xcode.lang.glsl; };
		5C71CDD41261F4FA0052A6C2 /* OpenCL.framework */ = {isa = PBXFileReference; lastKnownFileType = wrapper.framework; name = OpenCL.framework; path = Developer/SDKs/MacOSX10.6.sdk/System/Library/Frameworks/OpenCL.framework; sourceTree = SDKROOT; };
		5C7A455712CBAA86005C70EE /* blur.a2eshdi */ = {isa = PBXFileReference; fileEncoding = 4; lastKnownFileType = text.xml; path = blur.a2eshdi; sourceTree = "<group>"; };
		5C7A455A12CBAA86005C70EE /* inferred.a2eshdi */ = {isa = PBXFileReference; fileEncoding = 4; lastKnownFileType = text.xml; path = inferred.a2eshdi; sourceTree = "<group>"; xcLanguageSpecificationIdentifier = xcode.lang.glsl; };
		5C7A455F12CBAA86005C70EE /* gp_gbuffer.a2eshd */ = {isa = PBXFileReference; fileEncoding = 4; lastKnownFileType = text.xml; path = gp_gbuffer.a2eshd; sourceTree = "<group>"; xcLanguageSpecificationIdentifier = xcode.lang.glsl; };
		5C7A456012CBAA86005C70EE /* gp_gbuffer_parallax.a2eshd */ = {isa = PBXFileReference; fileEncoding = 4; lastKnownFileType = text.xml; path = gp_gbuffer_parallax.a2eshd; sourceTree = "<group>"; xcLanguageSpecificationIdentifier = xcode.lang.glsl; };
		5C7A456112CBAA86005C70EE /* lp_phong.a2eshd */ = {isa = PBXFileReference; fileEncoding = 4; lastKnownFileType = text.xml; path = lp_phong.a2eshd; sourceTree = "<group>"; xcLanguageSpecificationIdentifier = xcode.lang.glsl; };
		5C7A456212CBAA86005C70EE /* mp_diffuse.a2eshd */ = {isa = PBXFileReference; fileEncoding = 4; lastKnownFileType = text.xml; path = mp_diffuse.a2eshd; sourceTree = "<group>"; xcLanguageSpecificationIdentifier = xcode.lang.glsl; };
		5C7A456312CBAA86005C70EE /* mp_parallax.a2eshd */ = {isa = PBXFileReference; fileEncoding = 4; lastKnownFileType = text.xml; path = mp_parallax.a2eshd; sourceTree = "<group>"; xcLanguageSpecificationIdentifier = xcode.lang.glsl; };
		5C91C22E1863E3EA003B254F /* map_defines.cpp */ = {isa = PBXFileReference; fileEncoding = 4; lastKnownFileType = sourcecode.cpp.cpp; path = map_defines.cpp; sourceTree = "<group>"; };
		5C9C512A1265490100A15B31 /* en */ = {isa = PBXFileReference; fileEncoding = 4; lastKnownFileType = text.plist.strings; name = en; path = src/osx/en.lproj/InfoPlist.strings; sourceTree = "<group>"; };
		5C9C512C1265490100A15B31 /* en */ = {isa = PBXFileReference; fileEncoding = 4; lastKnownFileType = file.xib; name = en; path = src/osx/en.lproj/MainMenu.xib; sourceTree = "<group>"; };
		5C9C512E1265490100A15B31 /* en */ = {isa = PBXFileReference; fileEncoding = 4; lastKnownFileType = text.rtf; name = en; path = src/osx/en.lproj/Credits.rtf; sourceTree = "<group>"; };
		5C9C512F1265490700A15B31 /* Info.plist */ = {isa = PBXFileReference; fileEncoding = 4; lastKnownFileType = text.plist.xml; name = Info.plist; path = src/osx/Info.plist; sourceTree = "<group>"; };
		5CAE228813E5E3BE0051B39F /* Albion Remake.entitlements */ = {isa = PBXFileReference; fileEncoding = 4; lastKnownFileType = text.xml; name = "Albion Remake.entitlements"; path = "src/osx/Albion Remake.entitlements"; sourceTree = "<group>"; };
		5CD776951530FAF100BDEDAF /* gradient.a2eshd */ = {isa = PBXFileReference; lastKnownFileType = text.xml; path = gradient.a2eshd; sourceTree = "<group>"; };
		5CD776961530FAF100BDEDAF /* texture.a2eshd */ = {isa = PBXFileReference; lastKnownFileType = text.xml; path = texture.a2eshd; sourceTree = "<group>"; xcLanguageSpecificationIdentifier = xcode.lang.glsl; };
		5CD776981530FAFB00BDEDAF /* gfx2d.a2eshdi */ = {isa = PBXFileReference; lastKnownFileType = text.xml; path = gfx2d.a2eshdi; sourceTree = "<group>"; };
		5CDB6F151379C4B2006033D4 /* particle_compute.cl */ = {isa = PBXFileReference; lastKnownFileType = sourcecode.opencl; path = particle_compute.cl; sourceTree = "<group>"; };
		5CDB6F171379C4B2006033D4 /* particle_spawn.cl */ = {isa = PBXFileReference; lastKnownFileType = sourcecode.opencl; path = particle_spawn.cl; sourceTree = "<group>"; };
		5CDFD7A213248985009459CE /* inferred_gbuffer.a2eshdi */ = {isa = PBXFileReference; lastKnownFileType = text.xml; path = inferred_gbuffer.a2eshdi; sourceTree = "<group>"; xcLanguageSpecificationIdentifier = xcode.lang.glsl; };
		5CE00A2513ABB86F00FAE69A /* premake.sh */ = {isa = PBXFileReference; lastKnownFileType = text.script.sh; path = premake.sh; sourceTree = "<group>"; };
		5CE00A2613ABB86F00FAE69A /* premake4.lua */ = {isa = PBXFileReference; lastKnownFileType = text; path = premake4.lua; sourceTree = "<group>"; xcLanguageSpecificationIdentifier = xcode.lang.python; };
		5CF266901379FF6E00B729B0 /* ir_lighting.cl */ = {isa = PBXFileReference; lastKnownFileType = sourcecode.opencl; path = ir_lighting.cl; sourceTree = "<group>"; };
		5CFEE38A14FF91C700108EE9 /* glsles_compat.a2eshdi */ = {isa = PBXFileReference; lastKnownFileType = text.xml; path = glsles_compat.a2eshdi; sourceTree = "<group>"; };
		5CFEE38C14FF91D500108EE9 /* blend.a2eshd */ = {isa = PBXFileReference; lastKnownFileType = text.xml; name = blend.a2eshd; path = data/shader/misc/blend.a2eshd; sourceTree = "<group>"; xcLanguageSpecificationIdentifier = xcode.lang.glsl; };
/* End PBXFileReference section */

/* Begin PBXFrameworksBuildPhase section */
		5C32C6E41355298C00164662 /* Frameworks */ = {
			isa = PBXFrameworksBuildPhase;
			buildActionMask = 2147483647;
			files = (
				5C00C4B5150FA5DC00663D3B /* SDL2.framework in Frameworks */,
				5C00C4B6150FA5DC00663D3B /* SDL2_image.framework in Frameworks */,
				5C32C6E51355298C00164662 /* OpenCL.framework in Frameworks */,
				5C32C6E71355298C00164662 /* OpenGL.framework in Frameworks */,
				5C32C6E81355298C00164662 /* AppKit.framework in Frameworks */,
				5C32C6EA1355298C00164662 /* Cocoa.framework in Frameworks */,
			);
			runOnlyForDeploymentPostprocessing = 0;
		};
/* End PBXFrameworksBuildPhase section */

/* Begin PBXGroup section */
		5C06AF8E12612D3400405DE8 = {
			isa = PBXGroup;
			children = (
				5C7A454B12CBA9BC005C70EE /* shader */,
				5C06AF9512612D3400405DE8 /* Source */,
				5C06AF9612612D3500405DE8 /* Other Sources */,
				5C06AF9712612D3500405DE8 /* Resources */,
				5C06AF9812612D3500405DE8 /* Frameworks */,
				5C06AF9E12612D3500405DE8 /* Products */,
			);
			sourceTree = "<group>";
		};
		5C06AF9512612D3400405DE8 /* Source */ = {
			isa = PBXGroup;
			children = (
				5C29BBCA184FE28D00EF665E /* main.cpp */,
				5C29BBCB184FE28D00EF665E /* main.hpp */,
				5C29BBB0184FE28C00EF665E /* ar_debug.cpp */,
				5C29BBB1184FE28C00EF665E /* ar_debug.hpp */,
				5C29BBB2184FE28C00EF665E /* ar_global.cpp */,
				5C29BBB3184FE28C00EF665E /* ar_global.hpp */,
				5C29BBB4184FE28C00EF665E /* conf.cpp */,
				5C29BBB5184FE28C00EF665E /* conf.hpp */,
				5C29BBF7184FE28D00EF665E /* xld.cpp */,
				5C29BBF8184FE28D00EF665E /* xld.hpp */,
				5C29BBB6184FE28C00EF665E /* events */,
				5C29BBBB184FE28C00EF665E /* gfx */,
				5C29BBCC184FE28D00EF665E /* map */,
				5C29BBF2184FE28D00EF665E /* ui */,
			);
			name = Source;
			path = Classes;
			sourceTree = "<group>";
		};
		5C06AF9612612D3500405DE8 /* Other Sources */ = {
			isa = PBXGroup;
			children = (
				5CE00A2513ABB86F00FAE69A /* premake.sh */,
				5CE00A2613ABB86F00FAE69A /* premake4.lua */,
			);
			name = "Other Sources";
			sourceTree = "<group>";
		};
		5C06AF9712612D3500405DE8 /* Resources */ = {
			isa = PBXGroup;
			children = (
				5CAE228813E5E3BE0051B39F /* Albion Remake.entitlements */,
				5C9C512F1265490700A15B31 /* Info.plist */,
				5C9C51291265490100A15B31 /* InfoPlist.strings */,
				5C9C512B1265490100A15B31 /* MainMenu.xib */,
				5C9C512D1265490100A15B31 /* Credits.rtf */,
				5C22ECCE1445ED56006025F1 /* config.xml */,
				5C22ECD01445F2B0006025F1 /* config.dtd */,
			);
			name = Resources;
			sourceTree = "<group>";
		};
		5C06AF9812612D3500405DE8 /* Frameworks */ = {
			isa = PBXGroup;
			children = (
				5C00C4B3150FA5DC00663D3B /* SDL2.framework */,
				5C00C4B4150FA5DC00663D3B /* SDL2_image.framework */,
				5C71CDD41261F4FA0052A6C2 /* OpenCL.framework */,
				5C06B00C1261336700405DE8 /* OpenGL.framework */,
				5C06AFDB12612E4800405DE8 /* AppKit.framework */,
				5C06AFA012612D3500405DE8 /* Cocoa.framework */,
			);
			name = Frameworks;
			sourceTree = "<group>";
		};
		5C06AF9E12612D3500405DE8 /* Products */ = {
			isa = PBXGroup;
			children = (
				5C32C6EF1355298C00164662 /* Albion Remaked.app */,
			);
			name = Products;
			sourceTree = "<group>";
		};
		5C29BBB6184FE28C00EF665E /* events */ = {
			isa = PBXGroup;
			children = (
				5C29BBB7184FE28C00EF665E /* clock.cpp */,
				5C29BBB8184FE28C00EF665E /* clock.hpp */,
				5C29BBB9184FE28C00EF665E /* events.cpp */,
				5C29BBBA184FE28C00EF665E /* events.hpp */,
			);
			name = events;
			path = src/events;
			sourceTree = SOURCE_ROOT;
		};
		5C29BBBB184FE28C00EF665E /* gfx */ = {
			isa = PBXGroup;
			children = (
				5C29BBC0184FE28C00EF665E /* hqx */,
				5C29BBBC184FE28C00EF665E /* albion_texture.cpp */,
				5C29BBBD184FE28C00EF665E /* albion_texture.hpp */,
				5C29BBBE184FE28C00EF665E /* gfxconv.cpp */,
				5C29BBBF184FE28C00EF665E /* gfxconv.hpp */,
				5C29BBC4184FE28C00EF665E /* palette.cpp */,
				5C29BBC5184FE28C00EF665E /* palette.hpp */,
				5C29BBC6184FE28C00EF665E /* scaling.cpp */,
				5C29BBC7184FE28C00EF665E /* scaling.hpp */,
				5C29BBC8184FE28C00EF665E /* transtb.cpp */,
				5C29BBC9184FE28D00EF665E /* transtb.hpp */,
			);
			name = gfx;
			path = src/gfx;
			sourceTree = SOURCE_ROOT;
		};
		5C29BBC0184FE28C00EF665E /* hqx */ = {
			isa = PBXGroup;
			children = (
				5C29BBC1184FE28C00EF665E /* hq2x.cpp */,
				5C29BBC2184FE28C00EF665E /* hq4x.cpp */,
				5C29BBC3184FE28C00EF665E /* hqx.hpp */,
			);
			path = hqx;
			sourceTree = "<group>";
		};
		5C29BBCC184FE28D00EF665E /* map */ = {
			isa = PBXGroup;
			children = (
				5C29BBCD184FE28D00EF665E /* 2d */,
				5C29BBD8184FE28D00EF665E /* 3d */,
				5C91C22E1863E3EA003B254F /* map_defines.cpp */,
				5C29BBE9184FE28D00EF665E /* map_defines.hpp */,
				5C29BBEA184FE28D00EF665E /* map_events.cpp */,
				5C29BBEB184FE28D00EF665E /* map_events.hpp */,
				5C29BBEC184FE28D00EF665E /* map_handler.cpp */,
				5C29BBED184FE28D00EF665E /* map_handler.hpp */,
				5C29BBEE184FE28D00EF665E /* map_npcs.cpp */,
				5C29BBEF184FE28D00EF665E /* map_npcs.hpp */,
				5C29BBF0184FE28D00EF665E /* npc.cpp */,
				5C29BBF1184FE28D00EF665E /* npc.hpp */,
			);
			name = map;
			path = src/map;
			sourceTree = SOURCE_ROOT;
		};
		5C29BBCD184FE28D00EF665E /* 2d */ = {
			isa = PBXGroup;
			children = (
				5C29BBCE184FE28D00EF665E /* map2d.cpp */,
				5C29BBCF184FE28D00EF665E /* map2d.hpp */,
				5C29BBD0184FE28D00EF665E /* npc2d.cpp */,
				5C29BBD1184FE28D00EF665E /* npc2d.hpp */,
				5C29BBD2184FE28D00EF665E /* npcgfx.cpp */,
				5C29BBD3184FE28D00EF665E /* npcgfx.hpp */,
				5C29BBD4184FE28D00EF665E /* player2d.cpp */,
				5C29BBD5184FE28D00EF665E /* player2d.hpp */,
				5C29BBD6184FE28D00EF665E /* tileset.cpp */,
				5C29BBD7184FE28D00EF665E /* tileset.hpp */,
			);
			path = 2d;
			sourceTree = "<group>";
		};
		5C29BBD8184FE28D00EF665E /* 3d */ = {
			isa = PBXGroup;
			children = (
				5C29BBD9184FE28D00EF665E /* background3d.cpp */,
				5C29BBDA184FE28D00EF665E /* background3d.hpp */,
				5C29BBDB184FE28D00EF665E /* labdata.cpp */,
				5C29BBDC184FE28D00EF665E /* labdata.hpp */,
				5C29BBDD184FE28D00EF665E /* map3d.cpp */,
				5C29BBDE184FE28D00EF665E /* map3d.hpp */,
				5C29BBDF184FE28D00EF665E /* map_objects.cpp */,
				5C29BBE0184FE28D00EF665E /* map_objects.hpp */,
				5C29BBE1184FE28D00EF665E /* map_tiles.cpp */,
				5C29BBE2184FE28D00EF665E /* map_tiles.hpp */,
				5C29BBE3184FE28D00EF665E /* npc3d.cpp */,
				5C29BBE4184FE28D00EF665E /* npc3d.hpp */,
				5C29BBE5184FE28D00EF665E /* object_light.cpp */,
				5C29BBE6184FE28D00EF665E /* object_light.hpp */,
				5C29BBE7184FE28D00EF665E /* player3d.cpp */,
				5C29BBE8184FE28D00EF665E /* player3d.hpp */,
			);
			path = 3d;
			sourceTree = "<group>";
		};
		5C29BBF2184FE28D00EF665E /* ui */ = {
			isa = PBXGroup;
			children = (
				5C29BBF3184FE28D00EF665E /* albion_ui.cpp */,
				5C29BBF4184FE28D00EF665E /* albion_ui.hpp */,
				5C29BBF5184FE28D00EF665E /* bin_graphics.cpp */,
				5C29BBF6184FE28D00EF665E /* bin_graphics.hpp */,
			);
			name = ui;
			path = src/ui;
			sourceTree = SOURCE_ROOT;
		};
		5C2C927A140AE6CC00AC808C /* misc */ = {
			isa = PBXGroup;
			children = (
				5C2C927D140AE70B00AC808C /* blurline3.a2eshd */,
				5C2C927E140AE70B00AC808C /* blurline5.a2eshd */,
				5C2C9284140AE70B00AC808C /* luma.a2eshd */,
				5C34B58713E8E85E004E705F /* fxaa3.a2eshd */,
				5C2C9286140AE73B00AC808C /* simple.a2eshd */,
				5C6E2D2A14AA25C300FBD924 /* downsample.a2eshd */,
				5CFEE38C14FF91D500108EE9 /* blend.a2eshd */,
			);
			name = misc;
			sourceTree = "<group>";
		};
		5C6A50AE140D84AC00EA5C1A /* particle */ = {
			isa = PBXGroup;
			children = (
				5C6A50B0140D84BE00EA5C1A /* particle_draw_ocl.a2eshd */,
			);
			name = particle;
			sourceTree = "<group>";
		};
		5C7A454B12CBA9BC005C70EE /* shader */ = {
			isa = PBXGroup;
			children = (
				5C2C927A140AE6CC00AC808C /* misc */,
				5C7A455612CBAA86005C70EE /* include */,
				5C6A50AE140D84AC00EA5C1A /* particle */,
				5C7A455E12CBAA86005C70EE /* inferred */,
				5CD776941530FAF100BDEDAF /* gfx2d */,
				5CDB6F101379C4B2006033D4 /* kernels */,
			);
			name = shader;
			sourceTree = "<group>";
		};
		5C7A455612CBAA86005C70EE /* include */ = {
			isa = PBXGroup;
			children = (
				5C7A455712CBAA86005C70EE /* blur.a2eshdi */,
				5C7A455A12CBAA86005C70EE /* inferred.a2eshdi */,
				5CDFD7A213248985009459CE /* inferred_gbuffer.a2eshdi */,
				5C6A50B5140DB1BD00EA5C1A /* global.a2eshdi */,
				5CFEE38A14FF91C700108EE9 /* glsles_compat.a2eshdi */,
				5CD776981530FAFB00BDEDAF /* gfx2d.a2eshdi */,
			);
			name = include;
			path = data/shader/include;
			sourceTree = "<group>";
		};
		5C7A455E12CBAA86005C70EE /* inferred */ = {
			isa = PBXGroup;
			children = (
				5C70CF5412CBAFB500F988D3 /* gp_gbuffer_map_objects.a2eshd */,
				5C70CF5512CBAFB500F988D3 /* gp_gbuffer_map_tiles.a2eshd */,
				5C7A455F12CBAA86005C70EE /* gp_gbuffer.a2eshd */,
				5C7A456012CBAA86005C70EE /* gp_gbuffer_parallax.a2eshd */,
				5C7A456112CBAA86005C70EE /* lp_phong.a2eshd */,
				5C7A456212CBAA86005C70EE /* mp_diffuse.a2eshd */,
				5C7A456312CBAA86005C70EE /* mp_parallax.a2eshd */,
				5C70CF5B12CBBBBC00F988D3 /* mp_sky.a2eshd */,
				5C51E76612CC164F00C4E0EA /* mp_map_objects.a2eshd */,
				5C51E76712CC164F00C4E0EA /* mp_map_tiles.a2eshd */,
			);
			name = inferred;
			path = data/shader/inferred;
			sourceTree = "<group>";
		};
		5CD776941530FAF100BDEDAF /* gfx2d */ = {
			isa = PBXGroup;
			children = (
				5CD776951530FAF100BDEDAF /* gradient.a2eshd */,
				5CD776961530FAF100BDEDAF /* texture.a2eshd */,
			);
			name = gfx2d;
			path = data/shader/gfx2d;
			sourceTree = "<group>";
		};
		5CDB6F101379C4B2006033D4 /* kernels */ = {
			isa = PBXGroup;
			children = (
				5C2951FA140031EE003C6E13 /* a2e_cl_global.h */,
				5C2951FB140031EE003C6E13 /* a2e_cl_matrix.h */,
				5C2951FC140031EE003C6E13 /* a2e_cl_particle_init.h */,
				5CDB6F151379C4B2006033D4 /* particle_compute.cl */,
				5CDB6F171379C4B2006033D4 /* particle_spawn.cl */,
				5CF266901379FF6E00B729B0 /* ir_lighting.cl */,
			);
			name = kernels;
			path = data/kernels;
			sourceTree = "<group>";
		};
/* End PBXGroup section */

/* Begin PBXNativeTarget section */
		5C32C6C41355298C00164662 /* Albion Remake */ = {
			isa = PBXNativeTarget;
			buildConfigurationList = 5C32C6EC1355298C00164662 /* Build configuration list for PBXNativeTarget "Albion Remake" */;
			buildPhases = (
				5C32C6C51355298C00164662 /* Sources */,
				5C32C6E41355298C00164662 /* Frameworks */,
				5C32C6EB1355298C00164662 /* Resources */,
			);
			buildRules = (
			);
			dependencies = (
			);
			name = "Albion Remake";
			productName = "Albion Remake";
			productReference = 5C32C6EF1355298C00164662 /* Albion Remaked.app */;
			productType = "com.apple.product-type.application";
		};
/* End PBXNativeTarget section */

/* Begin PBXProject section */
		5C06AF9012612D3400405DE8 /* Project object */ = {
			isa = PBXProject;
			attributes = {
				LastUpgradeCheck = 0450;
			};
			buildConfigurationList = 5C06AF9312612D3400405DE8 /* Build configuration list for PBXProject "albion" */;
			compatibilityVersion = "Xcode 3.2";
			developmentRegion = English;
			hasScannedForEncodings = 0;
			knownRegions = (
				en,
			);
			mainGroup = 5C06AF8E12612D3400405DE8;
			productRefGroup = 5C06AF9E12612D3500405DE8 /* Products */;
			projectDirPath = "";
			projectRoot = "";
			targets = (
				5C32C6C41355298C00164662 /* Albion Remake */,
			);
		};
/* End PBXProject section */

/* Begin PBXResourcesBuildPhase section */
		5C32C6EB1355298C00164662 /* Resources */ = {
			isa = PBXResourcesBuildPhase;
			buildActionMask = 2147483647;
			files = (
			);
			runOnlyForDeploymentPostprocessing = 0;
		};
/* End PBXResourcesBuildPhase section */

/* Begin PBXSourcesBuildPhase section */
		5C32C6C51355298C00164662 /* Sources */ = {
			isa = PBXSourcesBuildPhase;
			buildActionMask = 2147483647;
			files = (
				5C29BBFD184FE28D00EF665E /* events.cpp in Sources */,
				5C29BC0E184FE28D00EF665E /* map_objects.cpp in Sources */,
				5C29BC13184FE28D00EF665E /* map_events.cpp in Sources */,
				5C29BC14184FE28D00EF665E /* map_handler.cpp in Sources */,
				5C29BC08184FE28D00EF665E /* npcgfx.cpp in Sources */,
				5C29BC03184FE28D00EF665E /* scaling.cpp in Sources */,
				5C29BBF9184FE28D00EF665E /* ar_debug.cpp in Sources */,
				5C29BC07184FE28D00EF665E /* npc2d.cpp in Sources */,
				5C29BC01184FE28D00EF665E /* hq4x.cpp in Sources */,
				5C29BC17184FE28D00EF665E /* albion_ui.cpp in Sources */,
				5C29BC18184FE28D00EF665E /* bin_graphics.cpp in Sources */,
				5C29BC12184FE28D00EF665E /* player3d.cpp in Sources */,
				5C29BBFE184FE28D00EF665E /* albion_texture.cpp in Sources */,
				5C29BC15184FE28D00EF665E /* map_npcs.cpp in Sources */,
				5C29BBFA184FE28D00EF665E /* ar_global.cpp in Sources */,
				5C29BC19184FE28D00EF665E /* xld.cpp in Sources */,
				5C29BC0B184FE28D00EF665E /* background3d.cpp in Sources */,
				5C29BC0D184FE28D00EF665E /* map3d.cpp in Sources */,
				5C29BC00184FE28D00EF665E /* hq2x.cpp in Sources */,
				5C29BBFC184FE28D00EF665E /* clock.cpp in Sources */,
				5C29BC06184FE28D00EF665E /* map2d.cpp in Sources */,
				5C29BBFB184FE28D00EF665E /* conf.cpp in Sources */,
				5C29BC0A184FE28D00EF665E /* tileset.cpp in Sources */,
				5C91C2301863E3EA003B254F /* map_defines.cpp in Sources */,
				5C29BC09184FE28D00EF665E /* player2d.cpp in Sources */,
				5C29BBFF184FE28D00EF665E /* gfxconv.cpp in Sources */,
				5C29BC10184FE28D00EF665E /* npc3d.cpp in Sources */,
				5C29BC11184FE28D00EF665E /* object_light.cpp in Sources */,
				5C29BC05184FE28D00EF665E /* main.cpp in Sources */,
				5C29BC0F184FE28D00EF665E /* map_tiles.cpp in Sources */,
				5C29BC0C184FE28D00EF665E /* labdata.cpp in Sources */,
				5C29BC16184FE28D00EF665E /* npc.cpp in Sources */,
				5C29BC04184FE28D00EF665E /* transtb.cpp in Sources */,
				5C29BC02184FE28D00EF665E /* palette.cpp in Sources */,
			);
			runOnlyForDeploymentPostprocessing = 0;
		};
/* End PBXSourcesBuildPhase section */

/* Begin PBXVariantGroup section */
		5C9C51291265490100A15B31 /* InfoPlist.strings */ = {
			isa = PBXVariantGroup;
			children = (
				5C9C512A1265490100A15B31 /* en */,
			);
			name = InfoPlist.strings;
			sourceTree = "<group>";
		};
		5C9C512B1265490100A15B31 /* MainMenu.xib */ = {
			isa = PBXVariantGroup;
			children = (
				5C9C512C1265490100A15B31 /* en */,
			);
			name = MainMenu.xib;
			sourceTree = "<group>";
		};
		5C9C512D1265490100A15B31 /* Credits.rtf */ = {
			isa = PBXVariantGroup;
			children = (
				5C9C512E1265490100A15B31 /* en */,
			);
			name = Credits.rtf;
			sourceTree = "<group>";
		};
/* End PBXVariantGroup section */

/* Begin XCBuildConfiguration section */
		5C06AFB212612D3500405DE8 /* Debug */ = {
			isa = XCBuildConfiguration;
			buildSettings = {
				ALWAYS_SEARCH_USER_PATHS = NO;
				ARCHS = "$(ARCHS_STANDARD_64_BIT)";
				CLANG_CXX_LANGUAGE_STANDARD = "compiler-default";
				CLANG_CXX_LIBRARY = "libc++";
				CLANG_ENABLE_MODULES = NO;
				CLANG_WARN_BOOL_CONVERSION = YES;
				CLANG_WARN_CONSTANT_CONVERSION = YES;
				CLANG_WARN_DOCUMENTATION_COMMENTS = NO;
				CLANG_WARN_EMPTY_BODY = YES;
				CLANG_WARN_ENUM_CONVERSION = YES;
				CLANG_WARN_IMPLICIT_SIGN_CONVERSION = YES;
				CLANG_WARN_INT_CONVERSION = YES;
				CLANG_WARN_SUSPICIOUS_IMPLICIT_CONVERSION = YES;
				CLANG_WARN__DUPLICATE_METHOD_MATCH = YES;
				CLANG_X86_VECTOR_INSTRUCTIONS = sse4.1;
				COMBINE_HIDPI_IMAGES = YES;
				CONFIGURATION_BUILD_DIR = bin/;
				CURRENT_PROJECT_VERSION = PR2;
				DEBUG_INFORMATION_FORMAT = dwarf;
				FRAMEWORK_SEARCH_PATHS = /Library/Frameworks;
				GCC_C_LANGUAGE_STANDARD = c11;
				GCC_ENABLE_OBJC_EXCEPTIONS = NO;
				GCC_FAST_MATH = YES;
				GCC_OPTIMIZATION_LEVEL = 0;
				GCC_PRECOMPILE_PREFIX_HEADER = YES;
				GCC_PREFIX_HEADER = src/osx/Albion_Remake_Prefix.pch;
				GCC_PREPROCESSOR_DEFINITIONS = (
					DEBUG,
					"A2E_DEBUG=1",
					"A2E_EXPORT=1",
					"FLOOR_DEBUG=1",
					"FLOOR_EXPORT=1",
					"FLOOR_CUDA_CL=1",
					PLATFORM_X64,
				);
				GCC_UNROLL_LOOPS = YES;
				GCC_VERSION = com.apple.compilers.llvm.clang.1_0;
				GCC_WARN_64_TO_32_BIT_CONVERSION = YES;
				GCC_WARN_ABOUT_MISSING_FIELD_INITIALIZERS = YES;
				GCC_WARN_ABOUT_MISSING_NEWLINE = YES;
				GCC_WARN_ABOUT_MISSING_PROTOTYPES = YES;
				GCC_WARN_ABOUT_RETURN_TYPE = YES;
				GCC_WARN_FOUR_CHARACTER_CONSTANTS = YES;
				GCC_WARN_HIDDEN_VIRTUAL_FUNCTIONS = YES;
				GCC_WARN_INITIALIZER_NOT_FULLY_BRACKETED = YES;
				GCC_WARN_NON_VIRTUAL_DESTRUCTOR = YES;
				GCC_WARN_SHADOW = YES;
				GCC_WARN_SIGN_COMPARE = YES;
				GCC_WARN_UNDECLARED_SELECTOR = YES;
				GCC_WARN_UNINITIALIZED_AUTOS = YES_AGGRESSIVE;
				GCC_WARN_UNKNOWN_PRAGMAS = YES;
				GCC_WARN_UNUSED_FUNCTION = YES;
				GCC_WARN_UNUSED_LABEL = YES;
				GCC_WARN_UNUSED_PARAMETER = YES;
				GCC_WARN_UNUSED_VARIABLE = YES;
				HEADER_SEARCH_PATHS = (
					.,
					/usr/include,
					/usr/local/include,
					/usr/local/include/floor,
					/usr/local/include/a2elight,
				);
				LD_RUNPATH_SEARCH_PATHS = "/usr/local/lib /usr/lib @loader_path/../Resources @loader_path/../Frameworks /Library/Frameworks";
				LIBRARY_SEARCH_PATHS = (
					/usr/lib,
					/usr/local/lib,
					/usr/X11/lib,
				);
				LLVM_VECTORIZE_LOOPS = YES;
				MACOSX_DEPLOYMENT_TARGET = 10.7;
				ONLY_ACTIVE_ARCH = YES;
				OTHER_CFLAGS = (
					"-isystem",
					/usr/X11/include,
					"-isystem",
					/usr/include/libxml2,
					"-isystem",
					/usr/X11/include/freetype2,
					"-iframework",
					/Library/Frameworks,
				);
				OTHER_CPLUSPLUSFLAGS = (
					"$(OTHER_CFLAGS)",
					"-std=c++1y",
					"-fno-elide-type",
					"-fdiagnostics-show-template-tree",
				);
				OTHER_LDFLAGS = (
					"-la2elightd",
					"-lfloord",
					"-framework",
					SDL2,
					"-lcrypto",
					"-lssl",
					"-weak_framework",
					CUDA,
				);
				PRODUCT_NAME = "Albion Remaked";
				SDKROOT = macosx;
				STRINGS_FILE_OUTPUT_ENCODING = "UTF-8";
				VALID_ARCHS = x86_64;
				WARNING_CFLAGS = (
					"-Weverything",
					"-Wno-c++98-compat",
					"-Wno-c++98-compat-pedantic",
					"-Wno-c99-extensions",
					"-Wno-header-hygiene",
					"-Wno-gnu",
					"-Wno-documentation",
					"-Wno-system-headers",
					"-Wno-global-constructors",
					"-Wno-padded",
					"-Wno-packed",
					"-Wno-switch-enum",
					"-Wno-exit-time-destructors",
					"-Wno-unknown-warning-option",
					"-Wno-nested-anon-types",
					"-Wno-float-equal",
				);
			};
			name = Debug;
		};
		5C06AFB312612D3500405DE8 /* Release */ = {
			isa = XCBuildConfiguration;
			buildSettings = {
				ALWAYS_SEARCH_USER_PATHS = NO;
				ARCHS = "$(ARCHS_STANDARD_64_BIT)";
				CLANG_CXX_LANGUAGE_STANDARD = "compiler-default";
				CLANG_CXX_LIBRARY = "libc++";
				CLANG_ENABLE_MODULES = NO;
				CLANG_WARN_BOOL_CONVERSION = YES;
				CLANG_WARN_CONSTANT_CONVERSION = YES;
				CLANG_WARN_DOCUMENTATION_COMMENTS = NO;
				CLANG_WARN_EMPTY_BODY = YES;
				CLANG_WARN_ENUM_CONVERSION = YES;
				CLANG_WARN_IMPLICIT_SIGN_CONVERSION = YES;
				CLANG_WARN_INT_CONVERSION = YES;
				CLANG_WARN_SUSPICIOUS_IMPLICIT_CONVERSION = YES;
				CLANG_WARN__DUPLICATE_METHOD_MATCH = YES;
				CLANG_X86_VECTOR_INSTRUCTIONS = sse4.1;
				COMBINE_HIDPI_IMAGES = YES;
				CONFIGURATION_BUILD_DIR = bin/;
				CURRENT_PROJECT_VERSION = PR2;
				DEBUG_INFORMATION_FORMAT = "dwarf-with-dsym";
				FRAMEWORK_SEARCH_PATHS = /Library/Frameworks;
				GCC_C_LANGUAGE_STANDARD = c11;
				GCC_ENABLE_OBJC_EXCEPTIONS = NO;
				GCC_FAST_MATH = YES;
				GCC_OPTIMIZATION_LEVEL = fast;
				GCC_PRECOMPILE_PREFIX_HEADER = YES;
				GCC_PREFIX_HEADER = src/osx/Albion_Remake_Prefix.pch;
				GCC_PREPROCESSOR_DEFINITIONS = (
					"A2E_EXPORT=1",
					"FLOOR_EXPORT=1",
					"FLOOR_CUDA_CL=1",
					PLATFORM_X64,
				);
				GCC_UNROLL_LOOPS = YES;
				GCC_VERSION = com.apple.compilers.llvm.clang.1_0;
				GCC_WARN_64_TO_32_BIT_CONVERSION = YES;
				GCC_WARN_ABOUT_MISSING_FIELD_INITIALIZERS = YES;
				GCC_WARN_ABOUT_MISSING_NEWLINE = YES;
				GCC_WARN_ABOUT_MISSING_PROTOTYPES = YES;
				GCC_WARN_ABOUT_RETURN_TYPE = YES;
				GCC_WARN_FOUR_CHARACTER_CONSTANTS = YES;
				GCC_WARN_HIDDEN_VIRTUAL_FUNCTIONS = YES;
				GCC_WARN_INITIALIZER_NOT_FULLY_BRACKETED = YES;
				GCC_WARN_NON_VIRTUAL_DESTRUCTOR = YES;
				GCC_WARN_SHADOW = YES;
				GCC_WARN_SIGN_COMPARE = YES;
				GCC_WARN_UNDECLARED_SELECTOR = YES;
				GCC_WARN_UNINITIALIZED_AUTOS = YES_AGGRESSIVE;
				GCC_WARN_UNKNOWN_PRAGMAS = YES;
				GCC_WARN_UNUSED_FUNCTION = YES;
				GCC_WARN_UNUSED_LABEL = YES;
				GCC_WARN_UNUSED_PARAMETER = YES;
				GCC_WARN_UNUSED_VARIABLE = YES;
				HEADER_SEARCH_PATHS = (
					.,
					/usr/include,
					/usr/local/include,
					/usr/local/include/floor,
					/usr/local/include/a2elight,
				);
				LD_RUNPATH_SEARCH_PATHS = "/usr/local/lib /usr/lib @loader_path/../Resources @loader_path/../Frameworks /Library/Frameworks";
				LIBRARY_SEARCH_PATHS = (
					/usr/lib,
					/usr/local/lib,
					/usr/X11/lib,
				);
				LLVM_VECTORIZE_LOOPS = YES;
				MACOSX_DEPLOYMENT_TARGET = 10.7;
				ONLY_ACTIVE_ARCH = YES;
				OTHER_CFLAGS = (
					"-isystem",
					/usr/X11/include,
					"-isystem",
					/usr/include/libxml2,
					"-isystem",
					/usr/X11/include/freetype2,
					"-iframework",
					/Library/Frameworks,
				);
				OTHER_CPLUSPLUSFLAGS = (
					"$(OTHER_CFLAGS)",
					"-std=c++1y",
					"-fno-elide-type",
					"-fdiagnostics-show-template-tree",
				);
				OTHER_LDFLAGS = (
					"-la2elight",
					"-lfloor",
					"-framework",
					SDL2,
					"-lcrypto",
					"-lssl",
					"-weak_framework",
					CUDA,
				);
				PRODUCT_NAME = "Albion Remake";
				SDKROOT = macosx;
				STRINGS_FILE_OUTPUT_ENCODING = "UTF-8";
				VALID_ARCHS = x86_64;
				WARNING_CFLAGS = (
					"-Weverything",
					"-Wno-c++98-compat",
					"-Wno-c++98-compat-pedantic",
					"-Wno-c99-extensions",
					"-Wno-header-hygiene",
					"-Wno-gnu",
					"-Wno-documentation",
					"-Wno-system-headers",
					"-Wno-global-constructors",
					"-Wno-padded",
					"-Wno-packed",
					"-Wno-switch-enum",
					"-Wno-exit-time-destructors",
					"-Wno-unknown-warning-option",
					"-Wno-nested-anon-types",
					"-Wno-float-equal",
				);
			};
			name = Release;
		};
		5C32C6ED1355298C00164662 /* Debug */ = {
			isa = XCBuildConfiguration;
			buildSettings = {
				GCC_ENABLE_SSE3_EXTENSIONS = YES;
				GCC_ENABLE_SSE41_EXTENSIONS = YES;
				GCC_MODEL_TUNING = G5;
				GCC_UNROLL_LOOPS = YES;
				INFOPLIST_FILE = src/osx/Info.plist;
			};
			name = Debug;
		};
		5C32C6EE1355298C00164662 /* Release */ = {
			isa = XCBuildConfiguration;
			buildSettings = {
				GCC_ENABLE_SSE3_EXTENSIONS = YES;
				GCC_ENABLE_SSE41_EXTENSIONS = YES;
				GCC_MODEL_TUNING = G5;
				GCC_UNROLL_LOOPS = YES;
				INFOPLIST_FILE = src/osx/Info.plist;
			};
			name = Release;
		};
/* End XCBuildConfiguration section */

/* Begin XCConfigurationList section */
		5C06AF9312612D3400405DE8 /* Build configuration list for PBXProject "albion" */ = {
			isa = XCConfigurationList;
			buildConfigurations = (
				5C06AFB212612D3500405DE8 /* Debug */,
				5C06AFB312612D3500405DE8 /* Release */,
			);
			defaultConfigurationIsVisible = 0;
			defaultConfigurationName = Release;
		};
		5C32C6EC1355298C00164662 /* Build configuration list for PBXNativeTarget "Albion Remake" */ = {
			isa = XCConfigurationList;
			buildConfigurations = (
				5C32C6ED1355298C00164662 /* Debug */,
				5C32C6EE1355298C00164662 /* Release */,
			);
			defaultConfigurationIsVisible = 0;
			defaultConfigurationName = Release;
		};
/* End XCConfigurationList section */
	};
	rootObject = 5C06AF9012612D3400405DE8 /* Project object */;
}
